// !$*UTF8*$!
{
	archiveVersion = 1;
	classes = {
	};
	objectVersion = 56;
	objects = {

/* Begin PBXBuildFile section */
		5A4FF29F2FC1379800CB7BD4 /* HomeViewController.swift in Sources */ = {isa = PBXBuildFile; fileRef = 5A4FF29E2FC1379800CB7BD4 /* HomeViewController.swift */; };
		5A4FF2A12FC137F500CB7BD4 /* SportsCell.swift in Sources */ = {isa = PBXBuildFile; fileRef = 5A4FF2A02FC137F500CB7BD4 /* SportsCell.swift */; };
		5A95432A2FBC874B00571374 /* AppDelegate.swift in Sources */ = {isa = PBXBuildFile; fileRef = 5A9543292FBC874B00571374 /* AppDelegate.swift */; };
		5A95432C2FBC874B00571374 /* SceneDelegate.swift in Sources */ = {isa = PBXBuildFile; fileRef = 5A95432B2FBC874B00571374 /* SceneDelegate.swift */; };
		5A9543342FBC874B00571374 /* SportsZone.xcdatamodeld in Sources */ = {isa = PBXBuildFile; fileRef = 5A9543322FBC874B00571374 /* SportsZone.xcdatamodeld */; };
		5A9543362FBC874E00571374 /* Assets.xcassets in Resources */ = {isa = PBXBuildFile; fileRef = 5A9543352FBC874E00571374 /* Assets.xcassets */; };
		5A9543442FBC874E00571374 /* SportsZoneTests.swift in Sources */ = {isa = PBXBuildFile; fileRef = 5A9543432FBC874E00571374 /* SportsZoneTests.swift */; };
		5A95434E2FBC874E00571374 /* SportsZoneUITests.swift in Sources */ = {isa = PBXBuildFile; fileRef = 5A95434D2FBC874E00571374 /* SportsZoneUITests.swift */; };
		5A9543502FBC874E00571374 /* SportsZoneUITestsLaunchTests.swift in Sources */ = {isa = PBXBuildFile; fileRef = 5A95434F2FBC874E00571374 /* SportsZoneUITestsLaunchTests.swift */; };
		5AD06DA12FBE2BEF004674CD /* SDWebImage in Frameworks */ = {isa = PBXBuildFile; productRef = 5AD06DA02FBE2BEF004674CD /* SDWebImage */; };
		5AD06DA32FBE2BEF004674CD /* SDWebImageMapKit in Frameworks */ = {isa = PBXBuildFile; productRef = 5AD06DA22FBE2BEF004674CD /* SDWebImageMapKit */; };
		5AD06DA62FBE2C60004674CD /* Reachability in Frameworks */ = {isa = PBXBuildFile; productRef = 5AD06DA52FBE2C60004674CD /* Reachability */; };
		5AD06DA92FBE2E8F004674CD /* Alamofire in Frameworks */ = {isa = PBXBuildFile; productRef = 5AD06DA82FBE2E8F004674CD /* Alamofire */; };
		5AD06DAC2FBE2FD2004674CD /* ShimmerSwift in Frameworks */ = {isa = PBXBuildFile; productRef = 5AD06DAB2FBE2FD2004674CD /* ShimmerSwift */; };
		D57124262FBE1E6B0091FB75 /* EventModel.swift in Sources */ = {isa = PBXBuildFile; fileRef = D57124232FBE1E6B0091FB75 /* EventModel.swift */; };
		D57124272FBE1E6B0091FB75 /* TeamModel.swift in Sources */ = {isa = PBXBuildFile; fileRef = D57124242FBE1E6B0091FB75 /* TeamModel.swift */; };
		D57124302FBE1E710091FB75 /* AppColors.swift in Sources */ = {isa = PBXBuildFile; fileRef = D57124282FBE1E710091FB75 /* AppColors.swift */; };
		D57124312FBE1E710091FB75 /* Nunito-Bold.ttf in Resources */ = {isa = PBXBuildFile; fileRef = D571242A2FBE1E710091FB75 /* Nunito-Bold.ttf */; };
		D57124322FBE1E710091FB75 /* Nunito-Medium.ttf in Resources */ = {isa = PBXBuildFile; fileRef = D571242B2FBE1E710091FB75 /* Nunito-Medium.ttf */; };
		D57124332FBE1E710091FB75 /* Nunito-Regular.ttf in Resources */ = {isa = PBXBuildFile; fileRef = D571242C2FBE1E710091FB75 /* Nunito-Regular.ttf */; };
		D57124342FBE1E710091FB75 /* Nunito-SemiBold.ttf in Resources */ = {isa = PBXBuildFile; fileRef = D571242D2FBE1E710091FB75 /* Nunito-SemiBold.ttf */; };
		D571243E2FBE1E760091FB75 /* EventCell.swift in Sources */ = {isa = PBXBuildFile; fileRef = D57124362FBE1E760091FB75 /* EventCell.swift */; };
		D571243F2FBE1E760091FB75 /* HeaderView.swift in Sources */ = {isa = PBXBuildFile; fileRef = D57124372FBE1E760091FB75 /* HeaderView.swift */; };
		D57124402FBE1E760091FB75 /* LeaguesDetailsCollectionViewController.swift in Sources */ = {isa = PBXBuildFile; fileRef = D57124392FBE1E760091FB75 /* LeaguesDetailsCollectionViewController.swift */; };
		D57124412FBE1E760091FB75 /* TeamsCollectionViewCell.swift in Sources */ = {isa = PBXBuildFile; fileRef = D571243A2FBE1E760091FB75 /* TeamsCollectionViewCell.swift */; };
		D57124492FBE1E7A0091FB75 /* EventCell.xib in Resources */ = {isa = PBXBuildFile; fileRef = D57124422FBE1E7A0091FB75 /* EventCell.xib */; };
		D571244A2FBE1E7A0091FB75 /* HeaderView.xib in Resources */ = {isa = PBXBuildFile; fileRef = D57124432FBE1E7A0091FB75 /* HeaderView.xib */; };
		D571244B2FBE1E7A0091FB75 /* LaunchScreen.storyboard in Resources */ = {isa = PBXBuildFile; fileRef = D57124452FBE1E7A0091FB75 /* LaunchScreen.storyboard */; };
		D571244C2FBE1E7A0091FB75 /* Main.storyboard in Resources */ = {isa = PBXBuildFile; fileRef = D57124472FBE1E7A0091FB75 /* Main.storyboard */; };
/* End PBXBuildFile section */

/* Begin PBXContainerItemProxy section */
		5A9543402FBC874E00571374 /* PBXContainerItemProxy */ = {
			isa = PBXContainerItemProxy;
			containerPortal = 5A95431E2FBC874B00571374 /* Project object */;
			proxyType = 1;
			remoteGlobalIDString = 5A9543252FBC874B00571374;
			remoteInfo = SportsZone;
		};
		5A95434A2FBC874E00571374 /* PBXContainerItemProxy */ = {
			isa = PBXContainerItemProxy;
			containerPortal = 5A95431E2FBC874B00571374 /* Project object */;
			proxyType = 1;
			remoteGlobalIDString = 5A9543252FBC874B00571374;
			remoteInfo = SportsZone;
		};
/* End PBXContainerItemProxy section */

/* Begin PBXFileReference section */
		5A4FF29E2FC1379800CB7BD4 /* HomeViewController.swift */ = {isa = PBXFileReference; lastKnownFileType = sourcecode.swift; path = HomeViewController.swift; sourceTree = "<group>"; };
		5A4FF2A02FC137F500CB7BD4 /* SportsCell.swift */ = {isa = PBXFileReference; lastKnownFileType = sourcecode.swift; path = SportsCell.swift; sourceTree = "<group>"; };
		5A9543262FBC874B00571374 /* SportsZone.app */ = {isa = PBXFileReference; explicitFileType = wrapper.application; includeInIndex = 0; path = SportsZone.app; sourceTree = BUILT_PRODUCTS_DIR; };
		5A9543292FBC874B00571374 /* AppDelegate.swift */ = {isa = PBXFileReference; lastKnownFileType = sourcecode.swift; path = AppDelegate.swift; sourceTree = "<group>"; };
		5A95432B2FBC874B00571374 /* SceneDelegate.swift */ = {isa = PBXFileReference; lastKnownFileType = sourcecode.swift; path = SceneDelegate.swift; sourceTree = "<group>"; };
		5A9543332FBC874B00571374 /* SportsZone.xcdatamodel */ = {isa = PBXFileReference; lastKnownFileType = wrapper.xcdatamodel; path = SportsZone.xcdatamodel; sourceTree = "<group>"; };
		5A9543352FBC874E00571374 /* Assets.xcassets */ = {isa = PBXFileReference; lastKnownFileType = folder.assetcatalog; path = Assets.xcassets; sourceTree = "<group>"; };
		5A95433A2FBC874E00571374 /* Info.plist */ = {isa = PBXFileReference; lastKnownFileType = text.plist.xml; path = Info.plist; sourceTree = "<group>"; };
		5A95433F2FBC874E00571374 /* SportsZoneTests.xctest */ = {isa = PBXFileReference; explicitFileType = wrapper.cfbundle; includeInIndex = 0; path = SportsZoneTests.xctest; sourceTree = BUILT_PRODUCTS_DIR; };
		5A9543432FBC874E00571374 /* SportsZoneTests.swift */ = {isa = PBXFileReference; lastKnownFileType = sourcecode.swift; path = SportsZoneTests.swift; sourceTree = "<group>"; };
		5A9543492FBC874E00571374 /* SportsZoneUITests.xctest */ = {isa = PBXFileReference; explicitFileType = wrapper.cfbundle; includeInIndex = 0; path = SportsZoneUITests.xctest; sourceTree = BUILT_PRODUCTS_DIR; };
		5A95434D2FBC874E00571374 /* SportsZoneUITests.swift */ = {isa = PBXFileReference; lastKnownFileType = sourcecode.swift; path = SportsZoneUITests.swift; sourceTree = "<group>"; };
		5A95434F2FBC874E00571374 /* SportsZoneUITestsLaunchTests.swift */ = {isa = PBXFileReference; lastKnownFileType = sourcecode.swift; path = SportsZoneUITestsLaunchTests.swift; sourceTree = "<group>"; };
		D57124232FBE1E6B0091FB75 /* EventModel.swift */ = {isa = PBXFileReference; lastKnownFileType = sourcecode.swift; path = EventModel.swift; sourceTree = "<group>"; };
		D57124242FBE1E6B0091FB75 /* TeamModel.swift */ = {isa = PBXFileReference; lastKnownFileType = sourcecode.swift; path = TeamModel.swift; sourceTree = "<group>"; };
		D57124282FBE1E710091FB75 /* AppColors.swift */ = {isa = PBXFileReference; lastKnownFileType = sourcecode.swift; path = AppColors.swift; sourceTree = "<group>"; };
		D571242A2FBE1E710091FB75 /* Nunito-Bold.ttf */ = {isa = PBXFileReference; lastKnownFileType = file; path = "Nunito-Bold.ttf"; sourceTree = "<group>"; };
		D571242B2FBE1E710091FB75 /* Nunito-Medium.ttf */ = {isa = PBXFileReference; lastKnownFileType = file; path = "Nunito-Medium.ttf"; sourceTree = "<group>"; };
		D571242C2FBE1E710091FB75 /* Nunito-Regular.ttf */ = {isa = PBXFileReference; lastKnownFileType = file; path = "Nunito-Regular.ttf"; sourceTree = "<group>"; };
		D571242D2FBE1E710091FB75 /* Nunito-SemiBold.ttf */ = {isa = PBXFileReference; lastKnownFileType = file; path = "Nunito-SemiBold.ttf"; sourceTree = "<group>"; };
		D57124362FBE1E760091FB75 /* EventCell.swift */ = {isa = PBXFileReference; lastKnownFileType = sourcecode.swift; path = EventCell.swift; sourceTree = "<group>"; };
		D57124372FBE1E760091FB75 /* HeaderView.swift */ = {isa = PBXFileReference; lastKnownFileType = sourcecode.swift; path = HeaderView.swift; sourceTree = "<group>"; };
		D57124392FBE1E760091FB75 /* LeaguesDetailsCollectionViewController.swift */ = {isa = PBXFileReference; lastKnownFileType = sourcecode.swift; path = LeaguesDetailsCollectionViewController.swift; sourceTree = "<group>"; };
		D571243A2FBE1E760091FB75 /* TeamsCollectionViewCell.swift */ = {isa = PBXFileReference; lastKnownFileType = sourcecode.swift; path = TeamsCollectionViewCell.swift; sourceTree = "<group>"; };
		D57124422FBE1E7A0091FB75 /* EventCell.xib */ = {isa = PBXFileReference; lastKnownFileType = file.xib; path = EventCell.xib; sourceTree = "<group>"; };
		D57124432FBE1E7A0091FB75 /* HeaderView.xib */ = {isa = PBXFileReference; lastKnownFileType = file.xib; path = HeaderView.xib; sourceTree = "<group>"; };
		D57124442FBE1E7A0091FB75 /* Base */ = {isa = PBXFileReference; lastKnownFileType = file.storyboard; name = Base; path = Base.lproj/LaunchScreen.storyboard; sourceTree = "<group>"; };
		D57124462FBE1E7A0091FB75 /* Base */ = {isa = PBXFileReference; lastKnownFileType = file.storyboard; name = Base; path = Base.lproj/Main.storyboard; sourceTree = "<group>"; };
/* End PBXFileReference section */

/* Begin PBXFrameworksBuildPhase section */
		5A9543232FBC874B00571374 /* Frameworks */ = {
			isa = PBXFrameworksBuildPhase;
			buildActionMask = 2147483647;
			files = (
				5AD06DA32FBE2BEF004674CD /* SDWebImageMapKit in Frameworks */,
				5AD06DA92FBE2E8F004674CD /* Alamofire in Frameworks */,
				5AD06DAC2FBE2FD2004674CD /* ShimmerSwift in Frameworks */,
				5AD06DA62FBE2C60004674CD /* Reachability in Frameworks */,
				5AD06DA12FBE2BEF004674CD /* SDWebImage in Frameworks */,
			);
			runOnlyForDeploymentPostprocessing = 0;
		};
		5A95433C2FBC874E00571374 /* Frameworks */ = {
			isa = PBXFrameworksBuildPhase;
			buildActionMask = 2147483647;
			files = (
			);
			runOnlyForDeploymentPostprocessing = 0;
		};
		5A9543462FBC874E00571374 /* Frameworks */ = {
			isa = PBXFrameworksBuildPhase;
			buildActionMask = 2147483647;
			files = (
			);
			runOnlyForDeploymentPostprocessing = 0;
		};
/* End PBXFrameworksBuildPhase section */

/* Begin PBXGroup section */
		5A4FF29B2FC1371200CB7BD4 /* Home */ = {
			isa = PBXGroup;
			children = (
				5A4FF2A22FC1421100CB7BD4 /* View */,
			);
			path = Home;
			sourceTree = "<group>";
		};
		5A4FF2A22FC1421100CB7BD4 /* View */ = {
			isa = PBXGroup;
			children = (
				5A4FF29E2FC1379800CB7BD4 /* HomeViewController.swift */,
				5A4FF2A02FC137F500CB7BD4 /* SportsCell.swift */,
			);
			path = View;
			sourceTree = "<group>";
		};
		5A95431D2FBC874B00571374 = {
			isa = PBXGroup;
			children = (
				5A9543282FBC874B00571374 /* SportsZone */,
				5A9543422FBC874E00571374 /* SportsZoneTests */,
				5A95434C2FBC874E00571374 /* SportsZoneUITests */,
				5A9543272FBC874B00571374 /* Products */,
			);
			sourceTree = "<group>";
		};
		5A9543272FBC874B00571374 /* Products */ = {
			isa = PBXGroup;
			children = (
				5A9543262FBC874B00571374 /* SportsZone.app */,
				5A95433F2FBC874E00571374 /* SportsZoneTests.xctest */,
				5A9543492FBC874E00571374 /* SportsZoneUITests.xctest */,
			);
			name = Products;
			sourceTree = "<group>";
		};
		5A9543282FBC874B00571374 /* SportsZone */ = {
			isa = PBXGroup;
			children = (
				D57124252FBE1E6B0091FB75 /* Model */,
				D571242F2FBE1E710091FB75 /* Core */,
				D571243D2FBE1E760091FB75 /* Features */,
				D57124482FBE1E7A0091FB75 /* View */,
				5A9543292FBC874B00571374 /* AppDelegate.swift */,
				5A95432B2FBC874B00571374 /* SceneDelegate.swift */,
				5A9543352FBC874E00571374 /* Assets.xcassets */,
				5A95433A2FBC874E00571374 /* Info.plist */,
				5A9543322FBC874B00571374 /* SportsZone.xcdatamodeld */,
			);
			path = SportsZone;
			sourceTree = "<group>";
		};
		5A9543422FBC874E00571374 /* SportsZoneTests */ = {
			isa = PBXGroup;
			children = (
				5A9543432FBC874E00571374 /* SportsZoneTests.swift */,
			);
			path = SportsZoneTests;
			sourceTree = "<group>";
		};
		5A95434C2FBC874E00571374 /* SportsZoneUITests */ = {
			isa = PBXGroup;
			children = (
				5A95434D2FBC874E00571374 /* SportsZoneUITests.swift */,
				5A95434F2FBC874E00571374 /* SportsZoneUITestsLaunchTests.swift */,
			);
			path = SportsZoneUITests;
			sourceTree = "<group>";
		};
		D57124252FBE1E6B0091FB75 /* Model */ = {
			isa = PBXGroup;
			children = (
				D57124232FBE1E6B0091FB75 /* EventModel.swift */,
				D57124242FBE1E6B0091FB75 /* TeamModel.swift */,
			);
			path = Model;
			sourceTree = "<group>";
		};
		D57124292FBE1E710091FB75 /* Colors */ = {
			isa = PBXGroup;
			children = (
				D57124282FBE1E710091FB75 /* AppColors.swift */,
			);
			path = Colors;
			sourceTree = "<group>";
		};
		D571242E2FBE1E710091FB75 /* Font */ = {
			isa = PBXGroup;
			children = (
				D571242A2FBE1E710091FB75 /* Nunito-Bold.ttf */,
				D571242B2FBE1E710091FB75 /* Nunito-Medium.ttf */,
				D571242C2FBE1E710091FB75 /* Nunito-Regular.ttf */,
				D571242D2FBE1E710091FB75 /* Nunito-SemiBold.ttf */,
			);
			path = Font;
			sourceTree = "<group>";
		};
		D571242F2FBE1E710091FB75 /* Core */ = {
			isa = PBXGroup;
			children = (
				D57124292FBE1E710091FB75 /* Colors */,
				D571242E2FBE1E710091FB75 /* Font */,
			);
			path = Core;
			sourceTree = "<group>";
		};
		D57124352FBE1E760091FB75 /* Presenter */ = {
			isa = PBXGroup;
			children = (
			);
			path = Presenter;
			sourceTree = "<group>";
		};
		D57124382FBE1E760091FB75 /* ReusableViews */ = {
			isa = PBXGroup;
			children = (
				D57124362FBE1E760091FB75 /* EventCell.swift */,
				D57124372FBE1E760091FB75 /* HeaderView.swift */,
			);
			path = ReusableViews;
			sourceTree = "<group>";
		};
		D571243B2FBE1E760091FB75 /* View */ = {
			isa = PBXGroup;
			children = (
				D57124382FBE1E760091FB75 /* ReusableViews */,
				D57124392FBE1E760091FB75 /* LeaguesDetailsCollectionViewController.swift */,
				D571243A2FBE1E760091FB75 /* TeamsCollectionViewCell.swift */,
			);
			path = View;
			sourceTree = "<group>";
		};
		D571243C2FBE1E760091FB75 /* LeaguesDetails */ = {
			isa = PBXGroup;
			children = (
				D57124352FBE1E760091FB75 /* Presenter */,
				D571243B2FBE1E760091FB75 /* View */,
			);
			path = LeaguesDetails;
			sourceTree = "<group>";
		};
		D571243D2FBE1E760091FB75 /* Features */ = {
			isa = PBXGroup;
			children = (
				5A4FF29B2FC1371200CB7BD4 /* Home */,
				D571243C2FBE1E760091FB75 /* LeaguesDetails */,
			);
			path = Features;
			sourceTree = "<group>";
		};
		D57124482FBE1E7A0091FB75 /* View */ = {
			isa = PBXGroup;
			children = (
				D57124422FBE1E7A0091FB75 /* EventCell.xib */,
				D57124432FBE1E7A0091FB75 /* HeaderView.xib */,
				D57124452FBE1E7A0091FB75 /* LaunchScreen.storyboard */,
				D57124472FBE1E7A0091FB75 /* Main.storyboard */,
			);
			path = View;
			sourceTree = "<group>";
		};
/* End PBXGroup section */

/* Begin PBXNativeTarget section */
		5A9543252FBC874B00571374 /* SportsZone */ = {
			isa = PBXNativeTarget;
			buildConfigurationList = 5A9543532FBC874E00571374 /* Build configuration list for PBXNativeTarget "SportsZone" */;
			buildPhases = (
				5A9543222FBC874B00571374 /* Sources */,
				5A9543232FBC874B00571374 /* Frameworks */,
				5A9543242FBC874B00571374 /* Resources */,
			);
			buildRules = (
			);
			dependencies = (
			);
			name = SportsZone;
			packageProductDependencies = (
				5AD06DA02FBE2BEF004674CD /* SDWebImage */,
				5AD06DA22FBE2BEF004674CD /* SDWebImageMapKit */,
				5AD06DA52FBE2C60004674CD /* Reachability */,
				5AD06DA82FBE2E8F004674CD /* Alamofire */,
				5AD06DAB2FBE2FD2004674CD /* ShimmerSwift */,
			);
			productName = SportsZone;
			productReference = 5A9543262FBC874B00571374 /* SportsZone.app */;
			productType = "com.apple.product-type.application";
		};
		5A95433E2FBC874E00571374 /* SportsZoneTests */ = {
			isa = PBXNativeTarget;
			buildConfigurationList = 5A9543562FBC874E00571374 /* Build configuration list for PBXNativeTarget "SportsZoneTests" */;
			buildPhases = (
				5A95433B2FBC874E00571374 /* Sources */,
				5A95433C2FBC874E00571374 /* Frameworks */,
				5A95433D2FBC874E00571374 /* Resources */,
			);
			buildRules = (
			);
			dependencies = (
				5A9543412FBC874E00571374 /* PBXTargetDependency */,
			);
			name = SportsZoneTests;
			productName = SportsZoneTests;
			productReference = 5A95433F2FBC874E00571374 /* SportsZoneTests.xctest */;
			productType = "com.apple.product-type.bundle.unit-test";
		};
		5A9543482FBC874E00571374 /* SportsZoneUITests */ = {
			isa = PBXNativeTarget;
			buildConfigurationList = 5A9543592FBC874E00571374 /* Build configuration list for PBXNativeTarget "SportsZoneUITests" */;
			buildPhases = (
				5A9543452FBC874E00571374 /* Sources */,
				5A9543462FBC874E00571374 /* Frameworks */,
				5A9543472FBC874E00571374 /* Resources */,
			);
			buildRules = (
			);
			dependencies = (
				5A95434B2FBC874E00571374 /* PBXTargetDependency */,
			);
			name = SportsZoneUITests;
			productName = SportsZoneUITests;
			productReference = 5A9543492FBC874E00571374 /* SportsZoneUITests.xctest */;
			productType = "com.apple.product-type.bundle.ui-testing";
		};
/* End PBXNativeTarget section */

/* Begin PBXProject section */
		5A95431E2FBC874B00571374 /* Project object */ = {
			isa = PBXProject;
			attributes = {
				BuildIndependentTargetsInParallel = 1;
				LastSwiftUpdateCheck = 1420;
				LastUpgradeCheck = 1420;
				TargetAttributes = {
					5A9543252FBC874B00571374 = {
						CreatedOnToolsVersion = 14.2;
					};
					5A95433E2FBC874E00571374 = {
						CreatedOnToolsVersion = 14.2;
						TestTargetID = 5A9543252FBC874B00571374;
					};
					5A9543482FBC874E00571374 = {
						CreatedOnToolsVersion = 14.2;
						TestTargetID = 5A9543252FBC874B00571374;
					};
				};
			};
			buildConfigurationList = 5A9543212FBC874B00571374 /* Build configuration list for PBXProject "SportsZone" */;
			compatibilityVersion = "Xcode 14.0";
			developmentRegion = en;
			hasScannedForEncodings = 0;
			knownRegions = (
				en,
				Base,
			);
			mainGroup = 5A95431D2FBC874B00571374;
			packageReferences = (
				5AD06D9F2FBE2BEF004674CD /* XCRemoteSwiftPackageReference "sdwebimage" */,
				5AD06DA42FBE2C60004674CD /* XCRemoteSwiftPackageReference "Reachability" */,
				5AD06DA72FBE2E8F004674CD /* XCRemoteSwiftPackageReference "Alamofire" */,
				5AD06DAA2FBE2FD2004674CD /* XCRemoteSwiftPackageReference "ShimmerSwift" */,
			);
			productRefGroup = 5A9543272FBC874B00571374 /* Products */;
			projectDirPath = "";
			projectRoot = "";
			targets = (
				5A9543252FBC874B00571374 /* SportsZone */,
				5A95433E2FBC874E00571374 /* SportsZoneTests */,
				5A9543482FBC874E00571374 /* SportsZoneUITests */,
			);
		};
/* End PBXProject section */

/* Begin PBXResourcesBuildPhase section */
		5A9543242FBC874B00571374 /* Resources */ = {
			isa = PBXResourcesBuildPhase;
			buildActionMask = 2147483647;
			files = (
				D57124312FBE1E710091FB75 /* Nunito-Bold.ttf in Resources */,
				D57124322FBE1E710091FB75 /* Nunito-Medium.ttf in Resources */,
				D57124332FBE1E710091FB75 /* Nunito-Regular.ttf in Resources */,
				D57124342FBE1E710091FB75 /* Nunito-SemiBold.ttf in Resources */,
				5A9543362FBC874E00571374 /* Assets.xcassets in Resources */,
				D57124492FBE1E7A0091FB75 /* EventCell.xib in Resources */,
				D571244A2FBE1E7A0091FB75 /* HeaderView.xib in Resources */,
				D571244B2FBE1E7A0091FB75 /* LaunchScreen.storyboard in Resources */,
				D571244C2FBE1E7A0091FB75 /* Main.storyboard in Resources */,
			);
			runOnlyForDeploymentPostprocessing = 0;
		};
		5A95433D2FBC874E00571374 /* Resources */ = {
			isa = PBXResourcesBuildPhase;
			buildActionMask = 2147483647;
			files = (
			);
			runOnlyForDeploymentPostprocessing = 0;
		};
		5A9543472FBC874E00571374 /* Resources */ = {
			isa = PBXResourcesBuildPhase;
			buildActionMask = 2147483647;
			files = (
			);
			runOnlyForDeploymentPostprocessing = 0;
		};
/* End PBXResourcesBuildPhase section */

/* Begin PBXSourcesBuildPhase section */
		5A9543222FBC874B00571374 /* Sources */ = {
			isa = PBXSourcesBuildPhase;
			buildActionMask = 2147483647;
			files = (
				D57124262FBE1E6B0091FB75 /* EventModel.swift in Sources */,
				D57124272FBE1E6B0091FB75 /* TeamModel.swift in Sources */,
				5A95432A2FBC874B00571374 /* AppDelegate.swift in Sources */,
				D57124302FBE1E710091FB75 /* AppColors.swift in Sources */,
				D571243E2FBE1E760091FB75 /* EventCell.swift in Sources */,
				D571243F2FBE1E760091FB75 /* HeaderView.swift in Sources */,
				D57124402FBE1E760091FB75 /* LeaguesDetailsCollectionViewController.swift in Sources */,
				5A4FF29F2FC1379800CB7BD4 /* HomeViewController.swift in Sources */,
				D57124412FBE1E760091FB75 /* TeamsCollectionViewCell.swift in Sources */,
				5A9543342FBC874B00571374 /* SportsZone.xcdatamodeld in Sources */,
				5A4FF2A12FC137F500CB7BD4 /* SportsCell.swift in Sources */,
				5A95432C2FBC874B00571374 /* SceneDelegate.swift in Sources */,
			);
			runOnlyForDeploymentPostprocessing = 0;
		};
		5A95433B2FBC874E00571374 /* Sources */ = {
			isa = PBXSourcesBuildPhase;
			buildActionMask = 2147483647;
			files = (
				5A9543442FBC874E00571374 /* SportsZoneTests.swift in Sources */,
			);
			runOnlyForDeploymentPostprocessing = 0;
		};
		5A9543452FBC874E00571374 /* Sources */ = {
			isa = PBXSourcesBuildPhase;
			buildActionMask = 2147483647;
			files = (
				5A95434E2FBC874E00571374 /* SportsZoneUITests.swift in Sources */,
				5A9543502FBC874E00571374 /* SportsZoneUITestsLaunchTests.swift in Sources */,
			);
			runOnlyForDeploymentPostprocessing = 0;
		};
/* End PBXSourcesBuildPhase section */

/* Begin PBXTargetDependency section */
		5A9543412FBC874E00571374 /* PBXTargetDependency */ = {
			isa = PBXTargetDependency;
			target = 5A9543252FBC874B00571374 /* SportsZone */;
			targetProxy = 5A9543402FBC874E00571374 /* PBXContainerItemProxy */;
		};
		5A95434B2FBC874E00571374 /* PBXTargetDependency */ = {
			isa = PBXTargetDependency;
			target = 5A9543252FBC874B00571374 /* SportsZone */;
			targetProxy = 5A95434A2FBC874E00571374 /* PBXContainerItemProxy */;
		};
/* End PBXTargetDependency section */

/* Begin PBXVariantGroup section */
		D57124452FBE1E7A0091FB75 /* LaunchScreen.storyboard */ = {
			isa = PBXVariantGroup;
			children = (
				D57124442FBE1E7A0091FB75 /* Base */,
			);
			name = LaunchScreen.storyboard;
			sourceTree = "<group>";
		};
		D57124472FBE1E7A0091FB75 /* Main.storyboard */ = {
			isa = PBXVariantGroup;
			children = (
				D57124462FBE1E7A0091FB75 /* Base */,
			);
			name = Main.storyboard;
			sourceTree = "<group>";
		};
/* End PBXVariantGroup section */

/* Begin XCBuildConfiguration section */
		5A9543512FBC874E00571374 /* Debug */ = {
			isa = XCBuildConfiguration;
			buildSettings = {
				ALWAYS_SEARCH_USER_PATHS = NO;
				CLANG_ANALYZER_NONNULL = YES;
				CLANG_ANALYZER_NUMBER_OBJECT_CONVERSION = YES_AGGRESSIVE;
				CLANG_CXX_LANGUAGE_STANDARD = "gnu++20";
				CLANG_ENABLE_MODULES = YES;
				CLANG_ENABLE_OBJC_ARC = YES;
				CLANG_ENABLE_OBJC_WEAK = YES;
				CLANG_WARN_BLOCK_CAPTURE_AUTORELEASING = YES;
				CLANG_WARN_BOOL_CONVERSION = YES;
				CLANG_WARN_COMMA = YES;
				CLANG_WARN_CONSTANT_CONVERSION = YES;
				CLANG_WARN_DEPRECATED_OBJC_IMPLEMENTATIONS = YES;
				CLANG_WARN_DIRECT_OBJC_ISA_USAGE = YES_ERROR;
				CLANG_WARN_DOCUMENTATION_COMMENTS = YES;
				CLANG_WARN_EMPTY_BODY = YES;
				CLANG_WARN_ENUM_CONVERSION = YES;
				CLANG_WARN_INFINITE_RECURSION = YES;
				CLANG_WARN_INT_CONVERSION = YES;
				CLANG_WARN_NON_LITERAL_NULL_CONVERSION = YES;
				CLANG_WARN_OBJC_IMPLICIT_RETAIN_SELF = YES;
				CLANG_WARN_OBJC_LITERAL_CONVERSION = YES;
				CLANG_WARN_OBJC_ROOT_CLASS = YES_ERROR;
				CLANG_WARN_QUOTED_INCLUDE_IN_FRAMEWORK_HEADER = YES;
				CLANG_WARN_RANGE_LOOP_ANALYSIS = YES;
				CLANG_WARN_STRICT_PROTOTYPES = YES;
				CLANG_WARN_SUSPICIOUS_MOVE = YES;
				CLANG_WARN_UNGUARDED_AVAILABILITY = YES_AGGRESSIVE;
				CLANG_WARN_UNREACHABLE_CODE = YES;
				CLANG_WARN__DUPLICATE_METHOD_MATCH = YES;
				COPY_PHASE_STRIP = NO;
				DEBUG_INFORMATION_FORMAT = dwarf;
				ENABLE_STRICT_OBJC_MSGSEND = YES;
				ENABLE_TESTABILITY = YES;
				GCC_C_LANGUAGE_STANDARD = gnu11;
				GCC_DYNAMIC_NO_PIC = NO;
				GCC_NO_COMMON_BLOCKS = YES;
				GCC_OPTIMIZATION_LEVEL = 0;
				GCC_PREPROCESSOR_DEFINITIONS = (
					"DEBUG=1",
					"$(inherited)",
				);
				GCC_WARN_64_TO_32_BIT_CONVERSION = YES;
				GCC_WARN_ABOUT_RETURN_TYPE = YES_ERROR;
				GCC_WARN_UNDECLARED_SELECTOR = YES;
				GCC_WARN_UNINITIALIZED_AUTOS = YES_AGGRESSIVE;
				GCC_WARN_UNUSED_FUNCTION = YES;
				GCC_WARN_UNUSED_VARIABLE = YES;
				IPHONEOS_DEPLOYMENT_TARGET = 16.2;
				MTL_ENABLE_DEBUG_INFO = INCLUDE_SOURCE;
				MTL_FAST_MATH = YES;
				ONLY_ACTIVE_ARCH = YES;
				SDKROOT = iphoneos;
				SWIFT_ACTIVE_COMPILATION_CONDITIONS = DEBUG;
				SWIFT_OPTIMIZATION_LEVEL = "-Onone";
				SWIFT_VERSION = "";
			};
			name = Debug;
		};
		5A9543522FBC874E00571374 /* Release */ = {
			isa = XCBuildConfiguration;
			buildSettings = {
				ALWAYS_SEARCH_USER_PATHS = NO;
				CLANG_ANALYZER_NONNULL = YES;
				CLANG_ANALYZER_NUMBER_OBJECT_CONVERSION = YES_AGGRESSIVE;
				CLANG_CXX_LANGUAGE_STANDARD = "gnu++20";
				CLANG_ENABLE_MODULES = YES;
				CLANG_ENABLE_OBJC_ARC = YES;
				CLANG_ENABLE_OBJC_WEAK = YES;
				CLANG_WARN_BLOCK_CAPTURE_AUTORELEASING = YES;
				CLANG_WARN_BOOL_CONVERSION = YES;
				CLANG_WARN_COMMA = YES;
				CLANG_WARN_CONSTANT_CONVERSION = YES;
				CLANG_WARN_DEPRECATED_OBJC_IMPLEMENTATIONS = YES;
				CLANG_WARN_DIRECT_OBJC_ISA_USAGE = YES_ERROR;
				CLANG_WARN_DOCUMENTATION_COMMENTS = YES;
				CLANG_WARN_EMPTY_BODY = YES;
				CLANG_WARN_ENUM_CONVERSION = YES;
				CLANG_WARN_INFINITE_RECURSION = YES;
				CLANG_WARN_INT_CONVERSION = YES;
				CLANG_WARN_NON_LITERAL_NULL_CONVERSION = YES;
				CLANG_WARN_OBJC_IMPLICIT_RETAIN_SELF = YES;
				CLANG_WARN_OBJC_LITERAL_CONVERSION = YES;
				CLANG_WARN_OBJC_ROOT_CLASS = YES_ERROR;
				CLANG_WARN_QUOTED_INCLUDE_IN_FRAMEWORK_HEADER = YES;
				CLANG_WARN_RANGE_LOOP_ANALYSIS = YES;
				CLANG_WARN_STRICT_PROTOTYPES = YES;
				CLANG_WARN_SUSPICIOUS_MOVE = YES;
				CLANG_WARN_UNGUARDED_AVAILABILITY = YES_AGGRESSIVE;
				CLANG_WARN_UNREACHABLE_CODE = YES;
				CLANG_WARN__DUPLICATE_METHOD_MATCH = YES;
				COPY_PHASE_STRIP = NO;
				DEBUG_INFORMATION_FORMAT = "dwarf-with-dsym";
				ENABLE_NS_ASSERTIONS = NO;
				ENABLE_STRICT_OBJC_MSGSEND = YES;
				GCC_C_LANGUAGE_STANDARD = gnu11;
				GCC_NO_COMMON_BLOCKS = YES;
				GCC_WARN_64_TO_32_BIT_CONVERSION = YES;
				GCC_WARN_ABOUT_RETURN_TYPE = YES_ERROR;
				GCC_WARN_UNDECLARED_SELECTOR = YES;
				GCC_WARN_UNINITIALIZED_AUTOS = YES_AGGRESSIVE;
				GCC_WARN_UNUSED_FUNCTION = YES;
				GCC_WARN_UNUSED_VARIABLE = YES;
				IPHONEOS_DEPLOYMENT_TARGET = 16.2;
				MTL_ENABLE_DEBUG_INFO = NO;
				MTL_FAST_MATH = YES;
				SDKROOT = iphoneos;
				SWIFT_COMPILATION_MODE = wholemodule;
				SWIFT_OPTIMIZATION_LEVEL = "-O";
				SWIFT_VERSION = "";
				VALIDATE_PRODUCT = YES;
			};
			name = Release;
		};
		5A9543542FBC874E00571374 /* Debug */ = {
			isa = XCBuildConfiguration;
			buildSettings = {
				ASSETCATALOG_COMPILER_APPICON_NAME = AppIcon;
				ASSETCATALOG_COMPILER_GLOBAL_ACCENT_COLOR_NAME = AccentColor;
				CODE_SIGN_STYLE = Automatic;
				CURRENT_PROJECT_VERSION = 1;
				GENERATE_INFOPLIST_FILE = YES;
				INFOPLIST_FILE = SportsZone/Info.plist;
				INFOPLIST_KEY_UIApplicationSupportsIndirectInputEvents = YES;
				INFOPLIST_KEY_UILaunchStoryboardName = LaunchScreen;
				INFOPLIST_KEY_UIMainStoryboardFile = Main;
				INFOPLIST_KEY_UISupportedInterfaceOrientations_iPad = "UIInterfaceOrientationPortrait UIInterfaceOrientationPortraitUpsideDown UIInterfaceOrientationLandscapeLeft UIInterfaceOrientationLandscapeRight";
				INFOPLIST_KEY_UISupportedInterfaceOrientations_iPhone = "UIInterfaceOrientationPortrait UIInterfaceOrientationLandscapeLeft UIInterfaceOrientationLandscapeRight";
				LD_RUNPATH_SEARCH_PATHS = (
					"$(inherited)",
					"@executable_path/Frameworks",
				);
				MARKETING_VERSION = 1.0;
				PRODUCT_BUNDLE_IDENTIFIER = iti.SportsZone;
				PRODUCT_NAME = "$(TARGET_NAME)";
				SWIFT_EMIT_LOC_STRINGS = YES;
				SWIFT_VERSION = 5.0;
				TARGETED_DEVICE_FAMILY = "1,2";
			};
			name = Debug;
		};
		5A9543552FBC874E00571374 /* Release */ = {
			isa = XCBuildConfiguration;
			buildSettings = {
				ASSETCATALOG_COMPILER_APPICON_NAME = AppIcon;
				ASSETCATALOG_COMPILER_GLOBAL_ACCENT_COLOR_NAME = AccentColor;
				CODE_SIGN_STYLE = Automatic;
				CURRENT_PROJECT_VERSION = 1;
				GENERATE_INFOPLIST_FILE = YES;
				INFOPLIST_FILE = SportsZone/Info.plist;
				INFOPLIST_KEY_UIApplicationSupportsIndirectInputEvents = YES;
				INFOPLIST_KEY_UILaunchStoryboardName = LaunchScreen;
				INFOPLIST_KEY_UIMainStoryboardFile = Main;
				INFOPLIST_KEY_UISupportedInterfaceOrientations_iPad = "UIInterfaceOrientationPortrait UIInterfaceOrientationPortraitUpsideDown UIInterfaceOrientationLandscapeLeft UIInterfaceOrientationLandscapeRight";
				INFOPLIST_KEY_UISupportedInterfaceOrientations_iPhone = "UIInterfaceOrientationPortrait UIInterfaceOrientationLandscapeLeft UIInterfaceOrientationLandscapeRight";
				LD_RUNPATH_SEARCH_PATHS = (
					"$(inherited)",
					"@executable_path/Frameworks",
				);
				MARKETING_VERSION = 1.0;
				PRODUCT_BUNDLE_IDENTIFIER = iti.SportsZone;
				PRODUCT_NAME = "$(TARGET_NAME)";
				SWIFT_EMIT_LOC_STRINGS = YES;
				SWIFT_VERSION = 5.0;
				TARGETED_DEVICE_FAMILY = "1,2";
			};
			name = Release;
		};
		5A9543572FBC874E00571374 /* Debug */ = {
			isa = XCBuildConfiguration;
			buildSettings = {
				ALWAYS_EMBED_SWIFT_STANDARD_LIBRARIES = YES;
				BUNDLE_LOADER = "$(TEST_HOST)";
				CODE_SIGN_STYLE = Automatic;
				CURRENT_PROJECT_VERSION = 1;
				GENERATE_INFOPLIST_FILE = YES;
				IPHONEOS_DEPLOYMENT_TARGET = 16.2;
				MARKETING_VERSION = 1.0;
				PRODUCT_BUNDLE_IDENTIFIER = iti.SportsZoneTests;
				PRODUCT_NAME = "$(TARGET_NAME)";
				SWIFT_EMIT_LOC_STRINGS = NO;
				SWIFT_VERSION = 5.0;
				TARGETED_DEVICE_FAMILY = "1,2";
				TEST_HOST = "$(BUILT_PRODUCTS_DIR)/SportsZone.app/$(BUNDLE_EXECUTABLE_FOLDER_PATH)/SportsZone";
			};
			name = Debug;
		};
		5A9543582FBC874E00571374 /* Release */ = {
			isa = XCBuildConfiguration;
			buildSettings = {
				ALWAYS_EMBED_SWIFT_STANDARD_LIBRARIES = YES;
				BUNDLE_LOADER = "$(TEST_HOST)";
				CODE_SIGN_STYLE = Automatic;
				CURRENT_PROJECT_VERSION = 1;
				GENERATE_INFOPLIST_FILE = YES;
				IPHONEOS_DEPLOYMENT_TARGET = 16.2;
				MARKETING_VERSION = 1.0;
				PRODUCT_BUNDLE_IDENTIFIER = iti.SportsZoneTests;
				PRODUCT_NAME = "$(TARGET_NAME)";
				SWIFT_EMIT_LOC_STRINGS = NO;
				SWIFT_VERSION = 5.0;
				TARGETED_DEVICE_FAMILY = "1,2";
				TEST_HOST = "$(BUILT_PRODUCTS_DIR)/SportsZone.app/$(BUNDLE_EXECUTABLE_FOLDER_PATH)/SportsZone";
			};
			name = Release;
		};
		5A95435A2FBC874E00571374 /* Debug */ = {
			isa = XCBuildConfiguration;
			buildSettings = {
				ALWAYS_EMBED_SWIFT_STANDARD_LIBRARIES = YES;
				CODE_SIGN_STYLE = Automatic;
				CURRENT_PROJECT_VERSION = 1;
				GENERATE_INFOPLIST_FILE = YES;
				MARKETING_VERSION = 1.0;
				PRODUCT_BUNDLE_IDENTIFIER = iti.SportsZoneUITests;
				PRODUCT_NAME = "$(TARGET_NAME)";
				SWIFT_EMIT_LOC_STRINGS = NO;
				SWIFT_VERSION = 5.0;
				TARGETED_DEVICE_FAMILY = "1,2";
				TEST_TARGET_NAME = SportsZone;
			};
			name = Debug;
		};
		5A95435B2FBC874E00571374 /* Release */ = {
			isa = XCBuildConfiguration;
			buildSettings = {
				ALWAYS_EMBED_SWIFT_STANDARD_LIBRARIES = YES;
				CODE_SIGN_STYLE = Automatic;
				CURRENT_PROJECT_VERSION = 1;
				GENERATE_INFOPLIST_FILE = YES;
				MARKETING_VERSION = 1.0;
				PRODUCT_BUNDLE_IDENTIFIER = iti.SportsZoneUITests;
				PRODUCT_NAME = "$(TARGET_NAME)";
				SWIFT_EMIT_LOC_STRINGS = NO;
				SWIFT_VERSION = 5.0;
				TARGETED_DEVICE_FAMILY = "1,2";
				TEST_TARGET_NAME = SportsZone;
			};
			name = Release;
		};
/* End XCBuildConfiguration section */

/* Begin XCConfigurationList section */
		5A9543212FBC874B00571374 /* Build configuration list for PBXProject "SportsZone" */ = {
			isa = XCConfigurationList;
			buildConfigurations = (
				5A9543512FBC874E00571374 /* Debug */,
				5A9543522FBC874E00571374 /* Release */,
			);
			defaultConfigurationIsVisible = 0;
			defaultConfigurationName = Release;
		};
		5A9543532FBC874E00571374 /* Build configuration list for PBXNativeTarget "SportsZone" */ = {
			isa = XCConfigurationList;
			buildConfigurations = (
				5A9543542FBC874E00571374 /* Debug */,
				5A9543552FBC874E00571374 /* Release */,
			);
			defaultConfigurationIsVisible = 0;
			defaultConfigurationName = Release;
		};
		5A9543562FBC874E00571374 /* Build configuration list for PBXNativeTarget "SportsZoneTests" */ = {
			isa = XCConfigurationList;
			buildConfigurations = (
				5A9543572FBC874E00571374 /* Debug */,
				5A9543582FBC874E00571374 /* Release */,
			);
			defaultConfigurationIsVisible = 0;
			defaultConfigurationName = Release;
		};
		5A9543592FBC874E00571374 /* Build configuration list for PBXNativeTarget "SportsZoneUITests" */ = {
			isa = XCConfigurationList;
			buildConfigurations = (
				5A95435A2FBC874E00571374 /* Debug */,
				5A95435B2FBC874E00571374 /* Release */,
			);
			defaultConfigurationIsVisible = 0;
			defaultConfigurationName = Release;
		};
/* End XCConfigurationList section */

/* Begin XCRemoteSwiftPackageReference section */
		5AD06D9F2FBE2BEF004674CD /* XCRemoteSwiftPackageReference "sdwebimage" */ = {
			isa = XCRemoteSwiftPackageReference;
			repositoryURL = "https://github.com/sdwebimage/sdwebimage";
			requirement = {
				kind = exactVersion;
				version = 5.9.5;
			};
		};
		5AD06DA42FBE2C60004674CD /* XCRemoteSwiftPackageReference "Reachability" */ = {
			isa = XCRemoteSwiftPackageReference;
			repositoryURL = "https://github.com/ashleymills/Reachability.swift";
			requirement = {
				branch = master;
				kind = branch;
			};
		};
		5AD06DA72FBE2E8F004674CD /* XCRemoteSwiftPackageReference "Alamofire" */ = {
			isa = XCRemoteSwiftPackageReference;
			repositoryURL = "https://github.com/Alamofire/Alamofire.git";
			requirement = {
				kind = exactVersion;
				version = 5.6.4;
			};
		};
		5AD06DAA2FBE2FD2004674CD /* XCRemoteSwiftPackageReference "ShimmerSwift" */ = {
			isa = XCRemoteSwiftPackageReference;
			repositoryURL = "https://github.com/BeauNouvelle/ShimmerSwift";
			requirement = {
				kind = upToNextMajorVersion;
				minimumVersion = 2.0.0;
			};
		};
/* End XCRemoteSwiftPackageReference section */

/* Begin XCSwiftPackageProductDependency section */
		5AD06DA02FBE2BEF004674CD /* SDWebImage */ = {
			isa = XCSwiftPackageProductDependency;
			package = 5AD06D9F2FBE2BEF004674CD /* XCRemoteSwiftPackageReference "sdwebimage" */;
			productName = SDWebImage;
		};
		5AD06DA22FBE2BEF004674CD /* SDWebImageMapKit */ = {
			isa = XCSwiftPackageProductDependency;
			package = 5AD06D9F2FBE2BEF004674CD /* XCRemoteSwiftPackageReference "sdwebimage" */;
			productName = SDWebImageMapKit;
		};
		5AD06DA52FBE2C60004674CD /* Reachability */ = {
			isa = XCSwiftPackageProductDependency;
			package = 5AD06DA42FBE2C60004674CD /* XCRemoteSwiftPackageReference "Reachability" */;
			productName = Reachability;
		};
		5AD06DA82FBE2E8F004674CD /* Alamofire */ = {
			isa = XCSwiftPackageProductDependency;
			package = 5AD06DA72FBE2E8F004674CD /* XCRemoteSwiftPackageReference "Alamofire" */;
			productName = Alamofire;
		};
		5AD06DAB2FBE2FD2004674CD /* ShimmerSwift */ = {
			isa = XCSwiftPackageProductDependency;
			package = 5AD06DAA2FBE2FD2004674CD /* XCRemoteSwiftPackageReference "ShimmerSwift" */;
			productName = ShimmerSwift;
		};
/* End XCSwiftPackageProductDependency section */

/* Begin XCVersionGroup section */
		5A9543322FBC874B00571374 /* SportsZone.xcdatamodeld */ = {
			isa = XCVersionGroup;
			children = (
				5A9543332FBC874B00571374 /* SportsZone.xcdatamodel */,
			);
			currentVersion = 5A9543332FBC874B00571374 /* SportsZone.xcdatamodel */;
			path = SportsZone.xcdatamodeld;
			sourceTree = "<group>";
			versionGroupType = wrapper.xcdatamodel;
		};
/* End XCVersionGroup section */
	};
	rootObject = 5A95431E2FBC874B00571374 /* Project object */;
}
