// !$*UTF8*$!
{
	archiveVersion = 1;
	classes = {
	};
	objectVersion = 56;
	objects = {

/* Begin PBXBuildFile section */
		5A3249632FCD5E68009D0655 /* LeagueCell.swift in Sources */ = {isa = PBXBuildFile; fileRef = 5A3249612FCD5E68009D0655 /* LeagueCell.swift */; };
		5A3249642FCD5E68009D0655 /* LeagueCell.xib in Resources */ = {isa = PBXBuildFile; fileRef = 5A3249622FCD5E68009D0655 /* LeagueCell.xib */; };
		5A3249672FCD5EB6009D0655 /* FavouriteLeagueCell.swift in Sources */ = {isa = PBXBuildFile; fileRef = 5A3249652FCD5EB6009D0655 /* FavouriteLeagueCell.swift */; };
		5A3249682FCD5EB6009D0655 /* FavouriteLeagueCell.xib in Resources */ = {isa = PBXBuildFile; fileRef = 5A3249662FCD5EB6009D0655 /* FavouriteLeagueCell.xib */; };
		5A4FF29F2FC1379800CB7BD4 /* HomeViewController.swift in Sources */ = {isa = PBXBuildFile; fileRef = 5A4FF29E2FC1379800CB7BD4 /* HomeViewController.swift */; };
		5A4FF2A12FC137F500CB7BD4 /* SportsCell.swift in Sources */ = {isa = PBXBuildFile; fileRef = 5A4FF2A02FC137F500CB7BD4 /* SportsCell.swift */; };
		5A4FF2A62FC1776200CB7BD4 /* LeaguesListViewController.swift in Sources */ = {isa = PBXBuildFile; fileRef = 5A4FF2A52FC1776200CB7BD4 /* LeaguesListViewController.swift */; };
		5A4FF2AA2FC179FF00CB7BD4 /* FavouriteLeaguesViewController.swift in Sources */ = {isa = PBXBuildFile; fileRef = 5A4FF2A92FC179FF00CB7BD4 /* FavouriteLeaguesViewController.swift */; };
		5A5329282FCF2F7B00166826 /* FavouriteLeague+CoreDataClass.swift in Sources */ = {isa = PBXBuildFile; fileRef = 5A5329262FCF2F7B00166826 /* FavouriteLeague+CoreDataClass.swift */; };
		5A5329292FCF2F7B00166826 /* FavouriteLeague+CoreDataProperties.swift in Sources */ = {isa = PBXBuildFile; fileRef = 5A5329272FCF2F7B00166826 /* FavouriteLeague+CoreDataProperties.swift */; };
		5A952A5E2FCF146400D5D8CC /* LeaguesPresenter.swift in Sources */ = {isa = PBXBuildFile; fileRef = 5A952A5D2FCF146400D5D8CC /* LeaguesPresenter.swift */; };
		5A952A612FCF168600D5D8CC /* CoreDataManager.swift in Sources */ = {isa = PBXBuildFile; fileRef = 5A952A602FCF168600D5D8CC /* CoreDataManager.swift */; };
		5A952A632FCF175D00D5D8CC /* FavouriteManager.swift in Sources */ = {isa = PBXBuildFile; fileRef = 5A952A622FCF175D00D5D8CC /* FavouriteManager.swift */; };
		5A952A652FCF17F100D5D8CC /* LeagueCellDelegate.swift in Sources */ = {isa = PBXBuildFile; fileRef = 5A952A642FCF17F100D5D8CC /* LeagueCellDelegate.swift */; };
		5A952A682FCF1D5700D5D8CC /* ReachabilityManager.swift in Sources */ = {isa = PBXBuildFile; fileRef = 5A952A672FCF1D5700D5D8CC /* ReachabilityManager.swift */; };
		5A95432A2FBC874B00571374 /* AppDelegate.swift in Sources */ = {isa = PBXBuildFile; fileRef = 5A9543292FBC874B00571374 /* AppDelegate.swift */; };
		5A95432C2FBC874B00571374 /* SceneDelegate.swift in Sources */ = {isa = PBXBuildFile; fileRef = 5A95432B2FBC874B00571374 /* SceneDelegate.swift */; };
		5A9543342FBC874B00571374 /* SportsZone.xcdatamodeld in Sources */ = {isa = PBXBuildFile; fileRef = 5A9543322FBC874B00571374 /* SportsZone.xcdatamodeld */; };
		5A9543362FBC874E00571374 /* Assets.xcassets in Resources */ = {isa = PBXBuildFile; fileRef = 5A9543352FBC874E00571374 /* Assets.xcassets */; };
		5A95434E2FBC874E00571374 /* SportsZoneUITests.swift in Sources */ = {isa = PBXBuildFile; fileRef = 5A95434D2FBC874E00571374 /* SportsZoneUITests.swift */; };
		5A9543502FBC874E00571374 /* SportsZoneUITestsLaunchTests.swift in Sources */ = {isa = PBXBuildFile; fileRef = 5A95434F2FBC874E00571374 /* SportsZoneUITestsLaunchTests.swift */; };
		5A985FAD2FCECA5C00B6C590 /* League.swift in Sources */ = {isa = PBXBuildFile; fileRef = 5A985FAC2FCECA5C00B6C590 /* League.swift */; };
		5A9B24DD2FD388D7008C5984 /* MockReachability.swift in Sources */ = {isa = PBXBuildFile; fileRef = 5A9B24DC2FD388D7008C5984 /* MockReachability.swift */; };
		5A9B24E22FD3899A008C5984 /* MockHomeView.swift in Sources */ = {isa = PBXBuildFile; fileRef = 5A9B24E12FD3899A008C5984 /* MockHomeView.swift */; };
		5A9B24E42FD38A3D008C5984 /* HomePresenterTests.swift in Sources */ = {isa = PBXBuildFile; fileRef = 5A9B24E32FD38A3D008C5984 /* HomePresenterTests.swift */; };
		5A9B24E62FD38D64008C5984 /* MockLeaguesView.swift in Sources */ = {isa = PBXBuildFile; fileRef = 5A9B24E52FD38D64008C5984 /* MockLeaguesView.swift */; };
		5A9B24E82FD38E00008C5984 /* LeaguesPresenterTests.swift in Sources */ = {isa = PBXBuildFile; fileRef = 5A9B24E72FD38E00008C5984 /* LeaguesPresenterTests.swift */; };
		5A9B24EA2FD3910F008C5984 /* FavouriteLeaguesPresenterTests.swift in Sources */ = {isa = PBXBuildFile; fileRef = 5A9B24E92FD3910F008C5984 /* FavouriteLeaguesPresenterTests.swift */; };
		5A9D781C2FD30042003151AA /* FavouriteLeaguesPresenter.swift in Sources */ = {isa = PBXBuildFile; fileRef = 5A9D781B2FD30042003151AA /* FavouriteLeaguesPresenter.swift */; };
		5A9D781E2FD328D4003151AA /* HomePresenter.swift in Sources */ = {isa = PBXBuildFile; fileRef = 5A9D781D2FD328D4003151AA /* HomePresenter.swift */; };
		5A9D78292FD36116003151AA /* SDWebImage in Frameworks */ = {isa = PBXBuildFile; productRef = 5A9D78282FD36116003151AA /* SDWebImage */; };
		5A9D782B2FD3611C003151AA /* SDWebImageMapKit in Frameworks */ = {isa = PBXBuildFile; productRef = 5A9D782A2FD3611C003151AA /* SDWebImageMapKit */; };
		5A9D78342FD36F6B003151AA /* MockFavouriteManager.swift in Sources */ = {isa = PBXBuildFile; fileRef = 5A9D78332FD36F6B003151AA /* MockFavouriteManager.swift */; };
		5A9D78362FD37037003151AA /* MockFavouriteLeaguesView.swift in Sources */ = {isa = PBXBuildFile; fileRef = 5A9D78352FD37037003151AA /* MockFavouriteLeaguesView.swift */; };
		5AD06DA12FBE2BEF004674CD /* SDWebImage in Frameworks */ = {isa = PBXBuildFile; productRef = 5AD06DA02FBE2BEF004674CD /* SDWebImage */; };
		5AD06DA32FBE2BEF004674CD /* SDWebImageMapKit in Frameworks */ = {isa = PBXBuildFile; productRef = 5AD06DA22FBE2BEF004674CD /* SDWebImageMapKit */; };
		5AD06DA62FBE2C60004674CD /* Reachability in Frameworks */ = {isa = PBXBuildFile; productRef = 5AD06DA52FBE2C60004674CD /* Reachability */; };
		5AD06DA92FBE2E8F004674CD /* Alamofire in Frameworks */ = {isa = PBXBuildFile; productRef = 5AD06DA82FBE2E8F004674CD /* Alamofire */; };
		5AD06DAC2FBE2FD2004674CD /* ShimmerSwift in Frameworks */ = {isa = PBXBuildFile; productRef = 5AD06DAB2FBE2FD2004674CD /* ShimmerSwift */; };
		D5311DF92FC3A460000F2AA7 /* Player.swift in Sources */ = {isa = PBXBuildFile; fileRef = D5311DF82FC3A45C000F2AA7 /* Player.swift */; };
		D5311DFB2FC3A6F2000F2AA7 /* Coach.swift in Sources */ = {isa = PBXBuildFile; fileRef = D5311DFA2FC3A6E7000F2AA7 /* Coach.swift */; };
		D56AE9B92FCDD52D0034C90B /* EmptyCollectionViewCell.xib in Resources */ = {isa = PBXBuildFile; fileRef = D56AE9B82FCDD52D0034C90B /* EmptyCollectionViewCell.xib */; };
		D56AE9BA2FCDD52D0034C90B /* EmptyCollectionViewCell.swift in Sources */ = {isa = PBXBuildFile; fileRef = D56AE9B72FCDD52D0034C90B /* EmptyCollectionViewCell.swift */; };
		D57124302FBE1E710091FB75 /* AppColors.swift in Sources */ = {isa = PBXBuildFile; fileRef = D57124282FBE1E710091FB75 /* AppColors.swift */; };
		D57124312FBE1E710091FB75 /* Nunito-Bold.ttf in Resources */ = {isa = PBXBuildFile; fileRef = D571242A2FBE1E710091FB75 /* Nunito-Bold.ttf */; };
		D57124322FBE1E710091FB75 /* Nunito-Medium.ttf in Resources */ = {isa = PBXBuildFile; fileRef = D571242B2FBE1E710091FB75 /* Nunito-Medium.ttf */; };
		D57124332FBE1E710091FB75 /* Nunito-Regular.ttf in Resources */ = {isa = PBXBuildFile; fileRef = D571242C2FBE1E710091FB75 /* Nunito-Regular.ttf */; };
		D57124342FBE1E710091FB75 /* Nunito-SemiBold.ttf in Resources */ = {isa = PBXBuildFile; fileRef = D571242D2FBE1E710091FB75 /* Nunito-SemiBold.ttf */; };
		D57124492FBE1E7A0091FB75 /* EventCell.xib in Resources */ = {isa = PBXBuildFile; fileRef = D57124422FBE1E7A0091FB75 /* EventCell.xib */; };
		D571244A2FBE1E7A0091FB75 /* HeaderView.xib in Resources */ = {isa = PBXBuildFile; fileRef = D57124432FBE1E7A0091FB75 /* HeaderView.xib */; };
		D571244B2FBE1E7A0091FB75 /* LaunchScreen.storyboard in Resources */ = {isa = PBXBuildFile; fileRef = D57124452FBE1E7A0091FB75 /* LaunchScreen.storyboard */; };
		D571244C2FBE1E7A0091FB75 /* Main.storyboard in Resources */ = {isa = PBXBuildFile; fileRef = D57124472FBE1E7A0091FB75 /* Main.storyboard */; };
		D575EBF32FD4AF1900DD079C /* FavDelegate.swift in Sources */ = {isa = PBXBuildFile; fileRef = D575EBF22FD4AF1000DD079C /* FavDelegate.swift */; };
		D57A62922FD09A380031D6DF /* LeaguesRepoTests.swift in Sources */ = {isa = PBXBuildFile; fileRef = D57A62912FD09A320031D6DF /* LeaguesRepoTests.swift */; };
		D57A62952FD09C740031D6DF /* MockNetworkManager.swift in Sources */ = {isa = PBXBuildFile; fileRef = D57A62942FD09C690031D6DF /* MockNetworkManager.swift */; };
		D57A62972FD0A0410031D6DF /* TeamsRepoTests.swift in Sources */ = {isa = PBXBuildFile; fileRef = D57A62962FD0A0370031D6DF /* TeamsRepoTests.swift */; };
		D57A629D2FD0A3760031D6DF /* LeaguesDetailsPresenter.Tests.swift in Sources */ = {isa = PBXBuildFile; fileRef = D57A629C2FD0A3710031D6DF /* LeaguesDetailsPresenter.Tests.swift */; };
		D57A62A02FD0A5D30031D6DF /* MockLeaguesDetailsView.swift in Sources */ = {isa = PBXBuildFile; fileRef = D57A629F2FD0A5D10031D6DF /* MockLeaguesDetailsView.swift */; };
		D57A62A22FD0A6040031D6DF /* MockLeaguesRepo.swift in Sources */ = {isa = PBXBuildFile; fileRef = D57A62A12FD0A6020031D6DF /* MockLeaguesRepo.swift */; };
		D57A62A62FD0AE8D0031D6DF /* TeamDetailsPresenter.swift in Sources */ = {isa = PBXBuildFile; fileRef = D57A62A52FD0AE820031D6DF /* TeamDetailsPresenter.swift */; };
		D57A62A92FD0AED20031D6DF /* MockTeamDetailsView.swift in Sources */ = {isa = PBXBuildFile; fileRef = D57A62A82FD0AED00031D6DF /* MockTeamDetailsView.swift */; };
		D57A62AB2FD0AF180031D6DF /* MockTeamsRepo.swift in Sources */ = {isa = PBXBuildFile; fileRef = D57A62AA2FD0AF090031D6DF /* MockTeamsRepo.swift */; };
		D5818ABB2FC3BA4B0044DBC2 /* TeamsRepo.swift in Sources */ = {isa = PBXBuildFile; fileRef = D5818ABA2FC3BA400044DBC2 /* TeamsRepo.swift */; };
		D5818AC12FC3BD670044DBC2 /* TeamDetailsPresenter.swift in Sources */ = {isa = PBXBuildFile; fileRef = D5818AC02FC3BD540044DBC2 /* TeamDetailsPresenter.swift */; };
		D5818AC32FC3D0630044DBC2 /* TeamDetailesViewController.swift in Sources */ = {isa = PBXBuildFile; fileRef = D5818AC22FC3D0630044DBC2 /* TeamDetailesViewController.swift */; };
		D5818AC82FC3D9940044DBC2 /* PlayerCell.xib in Resources */ = {isa = PBXBuildFile; fileRef = D5818AC72FC3D9940044DBC2 /* PlayerCell.xib */; };
		D5818AC92FC3D9940044DBC2 /* PlayerCell.swift in Sources */ = {isa = PBXBuildFile; fileRef = D5818AC62FC3D9940044DBC2 /* PlayerCell.swift */; };
		D58DBF342FC3972B000F4C1A /* Team.swift in Sources */ = {isa = PBXBuildFile; fileRef = D58DBF2F2FC3972B000F4C1A /* Team.swift */; };
		D58DBF352FC3972B000F4C1A /* LeaguesRepo.swift in Sources */ = {isa = PBXBuildFile; fileRef = D58DBF312FC3972B000F4C1A /* LeaguesRepo.swift */; };
		D58DBF362FC3972B000F4C1A /* SportEvent.swift in Sources */ = {isa = PBXBuildFile; fileRef = D58DBF2E2FC3972B000F4C1A /* SportEvent.swift */; };
		D58DBF3D2FC39740000F4C1A /* ApiConstants.swift in Sources */ = {isa = PBXBuildFile; fileRef = D58DBF392FC39740000F4C1A /* ApiConstants.swift */; };
		D58DBF3E2FC39740000F4C1A /* NetworkManager.swift in Sources */ = {isa = PBXBuildFile; fileRef = D58DBF3B2FC39740000F4C1A /* NetworkManager.swift */; };
		D58DBF3F2FC39740000F4C1A /* ApiKeyInterceptor.swift in Sources */ = {isa = PBXBuildFile; fileRef = D58DBF3A2FC39740000F4C1A /* ApiKeyInterceptor.swift */; };
		D58DBF402FC39740000F4C1A /* HelperFunctions.swift in Sources */ = {isa = PBXBuildFile; fileRef = D58DBF372FC39740000F4C1A /* HelperFunctions.swift */; };
		D58DBF4A2FC397A8000F4C1A /* EventCell.swift in Sources */ = {isa = PBXBuildFile; fileRef = D58DBF432FC397A8000F4C1A /* EventCell.swift */; };
		D58DBF4B2FC397A8000F4C1A /* TeamsCollectionViewCell.swift in Sources */ = {isa = PBXBuildFile; fileRef = D58DBF472FC397A8000F4C1A /* TeamsCollectionViewCell.swift */; };
		D58DBF4C2FC397A8000F4C1A /* LeaguesDetailsPresenter.swift in Sources */ = {isa = PBXBuildFile; fileRef = D58DBF412FC397A8000F4C1A /* LeaguesDetailsPresenter.swift */; };
		D58DBF4D2FC397A8000F4C1A /* HeaderView.swift in Sources */ = {isa = PBXBuildFile; fileRef = D58DBF442FC397A8000F4C1A /* HeaderView.swift */; };
		D58DBF4E2FC397A8000F4C1A /* LeaguesDetailsCollectionViewController.swift in Sources */ = {isa = PBXBuildFile; fileRef = D58DBF462FC397A8000F4C1A /* LeaguesDetailsCollectionViewController.swift */; };
		D5A78D9A2FCF3F96009E7DC8 /* SkeletonView in Frameworks */ = {isa = PBXBuildFile; productRef = D5A78D992FCF3F96009E7DC8 /* SkeletonView */; };
		D5E6AD792FD4548B0004F3F1 /* FootballEvent.swift in Sources */ = {isa = PBXBuildFile; fileRef = D5E6AD782FD454840004F3F1 /* FootballEvent.swift */; };
		D5E6AD7B2FD454B50004F3F1 /* BasketballEvent.swift in Sources */ = {isa = PBXBuildFile; fileRef = D5E6AD7A2FD454AE0004F3F1 /* BasketballEvent.swift */; };
		D5E6AD7D2FD454E50004F3F1 /* CricketEvent.swift in Sources */ = {isa = PBXBuildFile; fileRef = D5E6AD7C2FD454DF0004F3F1 /* CricketEvent.swift */; };
		D5E6AD7F2FD455120004F3F1 /* TennisEvent.swift in Sources */ = {isa = PBXBuildFile; fileRef = D5E6AD7E2FD4550C0004F3F1 /* TennisEvent.swift */; };
		D5E6AD812FD46DA90004F3F1 /* TennisPlayers.swift in Sources */ = {isa = PBXBuildFile; fileRef = D5E6AD802FD46D9B0004F3F1 /* TennisPlayers.swift */; };
		D5E6AD832FD483A60004F3F1 /* LeagueInfoCell.swift in Sources */ = {isa = PBXBuildFile; fileRef = D5E6AD822FD483A60004F3F1 /* LeagueInfoCell.swift */; };
/* End PBXBuildFile section */

/* Begin PBXContainerItemProxy section */
		5A9543402FBC874E00571374 /* PBXContainerItemProxy */ = {
			isa = PBXContainerItemProxy;
			containerPortal = 5A95431E2FBC874B00571374 /* Project object */;
			proxyType = 1;
			remoteGlobalIDString = 5A9543252FBC874B00571374;
			remoteInfo = SportsZone;
		};
		5A95434A2FBC874E00571374 /* PBXContainerItemProxy */ = {
			isa = PBXContainerItemProxy;
			containerPortal = 5A95431E2FBC874B00571374 /* Project object */;
			proxyType = 1;
			remoteGlobalIDString = 5A9543252FBC874B00571374;
			remoteInfo = SportsZone;
		};
/* End PBXContainerItemProxy section */

/* Begin PBXFileReference section */
		5A3249612FCD5E68009D0655 /* LeagueCell.swift */ = {isa = PBXFileReference; lastKnownFileType = sourcecode.swift; path = LeagueCell.swift; sourceTree = "<group>"; };
		5A3249622FCD5E68009D0655 /* LeagueCell.xib */ = {isa = PBXFileReference; lastKnownFileType = file.xib; path = LeagueCell.xib; sourceTree = "<group>"; };
		5A3249652FCD5EB6009D0655 /* FavouriteLeagueCell.swift */ = {isa = PBXFileReference; lastKnownFileType = sourcecode.swift; path = FavouriteLeagueCell.swift; sourceTree = "<group>"; };
		5A3249662FCD5EB6009D0655 /* FavouriteLeagueCell.xib */ = {isa = PBXFileReference; lastKnownFileType = file.xib; path = FavouriteLeagueCell.xib; sourceTree = "<group>"; };
		5A4FF29E2FC1379800CB7BD4 /* HomeViewController.swift */ = {isa = PBXFileReference; lastKnownFileType = sourcecode.swift; path = HomeViewController.swift; sourceTree = "<group>"; };
		5A4FF2A02FC137F500CB7BD4 /* SportsCell.swift */ = {isa = PBXFileReference; lastKnownFileType = sourcecode.swift; path = SportsCell.swift; sourceTree = "<group>"; };
		5A4FF2A52FC1776200CB7BD4 /* LeaguesListViewController.swift */ = {isa = PBXFileReference; lastKnownFileType = sourcecode.swift; path = LeaguesListViewController.swift; sourceTree = "<group>"; };
		5A4FF2A92FC179FF00CB7BD4 /* FavouriteLeaguesViewController.swift */ = {isa = PBXFileReference; lastKnownFileType = sourcecode.swift; path = FavouriteLeaguesViewController.swift; sourceTree = "<group>"; };
		5A5329262FCF2F7B00166826 /* FavouriteLeague+CoreDataClass.swift */ = {isa = PBXFileReference; lastKnownFileType = sourcecode.swift; path = "FavouriteLeague+CoreDataClass.swift"; sourceTree = "<group>"; };
		5A5329272FCF2F7B00166826 /* FavouriteLeague+CoreDataProperties.swift */ = {isa = PBXFileReference; lastKnownFileType = sourcecode.swift; path = "FavouriteLeague+CoreDataProperties.swift"; sourceTree = "<group>"; };
		5A952A5D2FCF146400D5D8CC /* LeaguesPresenter.swift */ = {isa = PBXFileReference; lastKnownFileType = sourcecode.swift; path = LeaguesPresenter.swift; sourceTree = "<group>"; };
		5A952A602FCF168600D5D8CC /* CoreDataManager.swift */ = {isa = PBXFileReference; lastKnownFileType = sourcecode.swift; path = CoreDataManager.swift; sourceTree = "<group>"; };
		5A952A622FCF175D00D5D8CC /* FavouriteManager.swift */ = {isa = PBXFileReference; lastKnownFileType = sourcecode.swift; path = FavouriteManager.swift; sourceTree = "<group>"; };
		5A952A642FCF17F100D5D8CC /* LeagueCellDelegate.swift */ = {isa = PBXFileReference; lastKnownFileType = sourcecode.swift; path = LeagueCellDelegate.swift; sourceTree = "<group>"; };
		5A952A672FCF1D5700D5D8CC /* ReachabilityManager.swift */ = {isa = PBXFileReference; lastKnownFileType = sourcecode.swift; path = ReachabilityManager.swift; sourceTree = "<group>"; };
		5A9543262FBC874B00571374 /* SportsZone.app */ = {isa = PBXFileReference; explicitFileType = wrapper.application; includeInIndex = 0; path = SportsZone.app; sourceTree = BUILT_PRODUCTS_DIR; };
		5A9543292FBC874B00571374 /* AppDelegate.swift */ = {isa = PBXFileReference; lastKnownFileType = sourcecode.swift; path = AppDelegate.swift; sourceTree = "<group>"; };
		5A95432B2FBC874B00571374 /* SceneDelegate.swift */ = {isa = PBXFileReference; lastKnownFileType = sourcecode.swift; path = SceneDelegate.swift; sourceTree = "<group>"; };
		5A9543332FBC874B00571374 /* SportsZone.xcdatamodel */ = {isa = PBXFileReference; lastKnownFileType = wrapper.xcdatamodel; path = SportsZone.xcdatamodel; sourceTree = "<group>"; };
		5A9543352FBC874E00571374 /* Assets.xcassets */ = {isa = PBXFileReference; lastKnownFileType = folder.assetcatalog; path = Assets.xcassets; sourceTree = "<group>"; };
		5A95433A2FBC874E00571374 /* Info.plist */ = {isa = PBXFileReference; lastKnownFileType = text.plist.xml; path = Info.plist; sourceTree = "<group>"; };
		5A95433F2FBC874E00571374 /* SportsZoneTests.xctest */ = {isa = PBXFileReference; explicitFileType = wrapper.cfbundle; includeInIndex = 0; path = SportsZoneTests.xctest; sourceTree = BUILT_PRODUCTS_DIR; };
		5A9543492FBC874E00571374 /* SportsZoneUITests.xctest */ = {isa = PBXFileReference; explicitFileType = wrapper.cfbundle; includeInIndex = 0; path = SportsZoneUITests.xctest; sourceTree = BUILT_PRODUCTS_DIR; };
		5A95434D2FBC874E00571374 /* SportsZoneUITests.swift */ = {isa = PBXFileReference; lastKnownFileType = sourcecode.swift; path = SportsZoneUITests.swift; sourceTree = "<group>"; };
		5A95434F2FBC874E00571374 /* SportsZoneUITestsLaunchTests.swift */ = {isa = PBXFileReference; lastKnownFileType = sourcecode.swift; path = SportsZoneUITestsLaunchTests.swift; sourceTree = "<group>"; };
		5A985FAC2FCECA5C00B6C590 /* League.swift */ = {isa = PBXFileReference; lastKnownFileType = sourcecode.swift; path = League.swift; sourceTree = "<group>"; };
		5A9B24DC2FD388D7008C5984 /* MockReachability.swift */ = {isa = PBXFileReference; lastKnownFileType = sourcecode.swift; path = MockReachability.swift; sourceTree = "<group>"; };
		5A9B24E12FD3899A008C5984 /* MockHomeView.swift */ = {isa = PBXFileReference; lastKnownFileType = sourcecode.swift; path = MockHomeView.swift; sourceTree = "<group>"; };
		5A9B24E32FD38A3D008C5984 /* HomePresenterTests.swift */ = {isa = PBXFileReference; lastKnownFileType = sourcecode.swift; path = HomePresenterTests.swift; sourceTree = "<group>"; };
		5A9B24E52FD38D64008C5984 /* MockLeaguesView.swift */ = {isa = PBXFileReference; lastKnownFileType = sourcecode.swift; path = MockLeaguesView.swift; sourceTree = "<group>"; };
		5A9B24E72FD38E00008C5984 /* LeaguesPresenterTests.swift */ = {isa = PBXFileReference; lastKnownFileType = sourcecode.swift; path = LeaguesPresenterTests.swift; sourceTree = "<group>"; };
		5A9B24E92FD3910F008C5984 /* FavouriteLeaguesPresenterTests.swift */ = {isa = PBXFileReference; lastKnownFileType = sourcecode.swift; path = FavouriteLeaguesPresenterTests.swift; sourceTree = "<group>"; };
		5A9D781B2FD30042003151AA /* FavouriteLeaguesPresenter.swift */ = {isa = PBXFileReference; lastKnownFileType = sourcecode.swift; path = FavouriteLeaguesPresenter.swift; sourceTree = "<group>"; };
		5A9D781D2FD328D4003151AA /* HomePresenter.swift */ = {isa = PBXFileReference; lastKnownFileType = sourcecode.swift; path = HomePresenter.swift; sourceTree = "<group>"; };
		5A9D78332FD36F6B003151AA /* MockFavouriteManager.swift */ = {isa = PBXFileReference; lastKnownFileType = sourcecode.swift; path = MockFavouriteManager.swift; sourceTree = "<group>"; };
		5A9D78352FD37037003151AA /* MockFavouriteLeaguesView.swift */ = {isa = PBXFileReference; lastKnownFileType = sourcecode.swift; path = MockFavouriteLeaguesView.swift; sourceTree = "<group>"; };
		D5311DF82FC3A45C000F2AA7 /* Player.swift */ = {isa = PBXFileReference; lastKnownFileType = sourcecode.swift; path = Player.swift; sourceTree = "<group>"; };
		D5311DFA2FC3A6E7000F2AA7 /* Coach.swift */ = {isa = PBXFileReference; lastKnownFileType = sourcecode.swift; path = Coach.swift; sourceTree = "<group>"; };
		D56AE9B72FCDD52D0034C90B /* EmptyCollectionViewCell.swift */ = {isa = PBXFileReference; lastKnownFileType = sourcecode.swift; path = EmptyCollectionViewCell.swift; sourceTree = "<group>"; };
		D56AE9B82FCDD52D0034C90B /* EmptyCollectionViewCell.xib */ = {isa = PBXFileReference; lastKnownFileType = file.xib; path = EmptyCollectionViewCell.xib; sourceTree = "<group>"; };
		D57124282FBE1E710091FB75 /* AppColors.swift */ = {isa = PBXFileReference; lastKnownFileType = sourcecode.swift; path = AppColors.swift; sourceTree = "<group>"; };
		D571242A2FBE1E710091FB75 /* Nunito-Bold.ttf */ = {isa = PBXFileReference; lastKnownFileType = file; path = "Nunito-Bold.ttf"; sourceTree = "<group>"; };
		D571242B2FBE1E710091FB75 /* Nunito-Medium.ttf */ = {isa = PBXFileReference; lastKnownFileType = file; path = "Nunito-Medium.ttf"; sourceTree = "<group>"; };
		D571242C2FBE1E710091FB75 /* Nunito-Regular.ttf */ = {isa = PBXFileReference; lastKnownFileType = file; path = "Nunito-Regular.ttf"; sourceTree = "<group>"; };
		D571242D2FBE1E710091FB75 /* Nunito-SemiBold.ttf */ = {isa = PBXFileReference; lastKnownFileType = file; path = "Nunito-SemiBold.ttf"; sourceTree = "<group>"; };
		D57124422FBE1E7A0091FB75 /* EventCell.xib */ = {isa = PBXFileReference; lastKnownFileType = file.xib; path = EventCell.xib; sourceTree = "<group>"; };
		D57124432FBE1E7A0091FB75 /* HeaderView.xib */ = {isa = PBXFileReference; lastKnownFileType = file.xib; path = HeaderView.xib; sourceTree = "<group>"; };
		D57124442FBE1E7A0091FB75 /* Base */ = {isa = PBXFileReference; lastKnownFileType = file.storyboard; name = Base; path = Base.lproj/LaunchScreen.storyboard; sourceTree = "<group>"; };
		D57124462FBE1E7A0091FB75 /* Base */ = {isa = PBXFileReference; lastKnownFileType = file.storyboard; name = Base; path = Base.lproj/Main.storyboard; sourceTree = "<group>"; };
		D575EBF22FD4AF1000DD079C /* FavDelegate.swift */ = {isa = PBXFileReference; lastKnownFileType = sourcecode.swift; path = FavDelegate.swift; sourceTree = "<group>"; };
		D57A62912FD09A320031D6DF /* LeaguesRepoTests.swift */ = {isa = PBXFileReference; lastKnownFileType = sourcecode.swift; path = LeaguesRepoTests.swift; sourceTree = "<group>"; };
		D57A62942FD09C690031D6DF /* MockNetworkManager.swift */ = {isa = PBXFileReference; lastKnownFileType = sourcecode.swift; path = MockNetworkManager.swift; sourceTree = "<group>"; };
		D57A62962FD0A0370031D6DF /* TeamsRepoTests.swift */ = {isa = PBXFileReference; lastKnownFileType = sourcecode.swift; path = TeamsRepoTests.swift; sourceTree = "<group>"; };
		D57A629C2FD0A3710031D6DF /* LeaguesDetailsPresenter.Tests.swift */ = {isa = PBXFileReference; lastKnownFileType = sourcecode.swift; path = LeaguesDetailsPresenter.Tests.swift; sourceTree = "<group>"; };
		D57A629F2FD0A5D10031D6DF /* MockLeaguesDetailsView.swift */ = {isa = PBXFileReference; lastKnownFileType = sourcecode.swift; path = MockLeaguesDetailsView.swift; sourceTree = "<group>"; };
		D57A62A12FD0A6020031D6DF /* MockLeaguesRepo.swift */ = {isa = PBXFileReference; lastKnownFileType = sourcecode.swift; path = MockLeaguesRepo.swift; sourceTree = "<group>"; };
		D57A62A52FD0AE820031D6DF /* TeamDetailsPresenter.swift */ = {isa = PBXFileReference; lastKnownFileType = sourcecode.swift; path = TeamDetailsPresenter.swift; sourceTree = "<group>"; };
		D57A62A82FD0AED00031D6DF /* MockTeamDetailsView.swift */ = {isa = PBXFileReference; lastKnownFileType = sourcecode.swift; path = MockTeamDetailsView.swift; sourceTree = "<group>"; };
		D57A62AA2FD0AF090031D6DF /* MockTeamsRepo.swift */ = {isa = PBXFileReference; lastKnownFileType = sourcecode.swift; path = MockTeamsRepo.swift; sourceTree = "<group>"; };
		D5818ABA2FC3BA400044DBC2 /* TeamsRepo.swift */ = {isa = PBXFileReference; lastKnownFileType = sourcecode.swift; path = TeamsRepo.swift; sourceTree = "<group>"; };
		D5818AC02FC3BD540044DBC2 /* TeamDetailsPresenter.swift */ = {isa = PBXFileReference; lastKnownFileType = sourcecode.swift; path = TeamDetailsPresenter.swift; sourceTree = "<group>"; };
		D5818AC22FC3D0630044DBC2 /* TeamDetailesViewController.swift */ = {isa = PBXFileReference; lastKnownFileType = sourcecode.swift; path = TeamDetailesViewController.swift; sourceTree = "<group>"; };
		D5818AC62FC3D9940044DBC2 /* PlayerCell.swift */ = {isa = PBXFileReference; lastKnownFileType = sourcecode.swift; path = PlayerCell.swift; sourceTree = "<group>"; };
		D5818AC72FC3D9940044DBC2 /* PlayerCell.xib */ = {isa = PBXFileReference; lastKnownFileType = file.xib; path = PlayerCell.xib; sourceTree = "<group>"; };
		D58DBF2E2FC3972B000F4C1A /* SportEvent.swift */ = {isa = PBXFileReference; lastKnownFileType = sourcecode.swift; path = SportEvent.swift; sourceTree = "<group>"; };
		D58DBF2F2FC3972B000F4C1A /* Team.swift */ = {isa = PBXFileReference; lastKnownFileType = sourcecode.swift; path = Team.swift; sourceTree = "<group>"; };
		D58DBF312FC3972B000F4C1A /* LeaguesRepo.swift */ = {isa = PBXFileReference; lastKnownFileType = sourcecode.swift; path = LeaguesRepo.swift; sourceTree = "<group>"; };
		D58DBF372FC39740000F4C1A /* HelperFunctions.swift */ = {isa = PBXFileReference; lastKnownFileType = sourcecode.swift; path = HelperFunctions.swift; sourceTree = "<group>"; };
		D58DBF392FC39740000F4C1A /* ApiConstants.swift */ = {isa = PBXFileReference; lastKnownFileType = sourcecode.swift; path = ApiConstants.swift; sourceTree = "<group>"; };
		D58DBF3A2FC39740000F4C1A /* ApiKeyInterceptor.swift */ = {isa = PBXFileReference; lastKnownFileType = sourcecode.swift; path = ApiKeyInterceptor.swift; sourceTree = "<group>"; };
		D58DBF3B2FC39740000F4C1A /* NetworkManager.swift */ = {isa = PBXFileReference; lastKnownFileType = sourcecode.swift; path = NetworkManager.swift; sourceTree = "<group>"; };
		D58DBF412FC397A8000F4C1A /* LeaguesDetailsPresenter.swift */ = {isa = PBXFileReference; lastKnownFileType = sourcecode.swift; path = LeaguesDetailsPresenter.swift; sourceTree = "<group>"; };
		D58DBF432FC397A8000F4C1A /* EventCell.swift */ = {isa = PBXFileReference; lastKnownFileType = sourcecode.swift; path = EventCell.swift; sourceTree = "<group>"; };
		D58DBF442FC397A8000F4C1A /* HeaderView.swift */ = {isa = PBXFileReference; lastKnownFileType = sourcecode.swift; path = HeaderView.swift; sourceTree = "<group>"; };
		D58DBF462FC397A8000F4C1A /* LeaguesDetailsCollectionViewController.swift */ = {isa = PBXFileReference; lastKnownFileType = sourcecode.swift; path = LeaguesDetailsCollectionViewController.swift; sourceTree = "<group>"; };
		D58DBF472FC397A8000F4C1A /* TeamsCollectionViewCell.swift */ = {isa = PBXFileReference; lastKnownFileType = sourcecode.swift; path = TeamsCollectionViewCell.swift; sourceTree = "<group>"; };
		D5E6AD782FD454840004F3F1 /* FootballEvent.swift */ = {isa = PBXFileReference; lastKnownFileType = sourcecode.swift; path = FootballEvent.swift; sourceTree = "<group>"; };
		D5E6AD7A2FD454AE0004F3F1 /* BasketballEvent.swift */ = {isa = PBXFileReference; lastKnownFileType = sourcecode.swift; path = BasketballEvent.swift; sourceTree = "<group>"; };
		D5E6AD7C2FD454DF0004F3F1 /* CricketEvent.swift */ = {isa = PBXFileReference; lastKnownFileType = sourcecode.swift; path = CricketEvent.swift; sourceTree = "<group>"; };
		D5E6AD7E2FD4550C0004F3F1 /* TennisEvent.swift */ = {isa = PBXFileReference; lastKnownFileType = sourcecode.swift; path = TennisEvent.swift; sourceTree = "<group>"; };
		D5E6AD802FD46D9B0004F3F1 /* TennisPlayers.swift */ = {isa = PBXFileReference; lastKnownFileType = sourcecode.swift; path = TennisPlayers.swift; sourceTree = "<group>"; };
		D5E6AD822FD483A60004F3F1 /* LeagueInfoCell.swift */ = {isa = PBXFileReference; lastKnownFileType = sourcecode.swift; path = LeagueInfoCell.swift; sourceTree = "<group>"; };
/* End PBXFileReference section */

/* Begin PBXFrameworksBuildPhase section */
		5A9543232FBC874B00571374 /* Frameworks */ = {
			isa = PBXFrameworksBuildPhase;
			buildActionMask = 2147483647;
			files = (
				5AD06DA32FBE2BEF004674CD /* SDWebImageMapKit in Frameworks */,
				5AD06DA92FBE2E8F004674CD /* Alamofire in Frameworks */,
				5AD06DAC2FBE2FD2004674CD /* ShimmerSwift in Frameworks */,
				5AD06DA62FBE2C60004674CD /* Reachability in Frameworks */,
				D5A78D9A2FCF3F96009E7DC8 /* SkeletonView in Frameworks */,
				5AD06DA12FBE2BEF004674CD /* SDWebImage in Frameworks */,
			);
			runOnlyForDeploymentPostprocessing = 0;
		};
		5A95433C2FBC874E00571374 /* Frameworks */ = {
			isa = PBXFrameworksBuildPhase;
			buildActionMask = 2147483647;
			files = (
				5A9D782B2FD3611C003151AA /* SDWebImageMapKit in Frameworks */,
				5A9D78292FD36116003151AA /* SDWebImage in Frameworks */,
			);
			runOnlyForDeploymentPostprocessing = 0;
		};
		5A9543462FBC874E00571374 /* Frameworks */ = {
			isa = PBXFrameworksBuildPhase;
			buildActionMask = 2147483647;
			files = (
			);
			runOnlyForDeploymentPostprocessing = 0;
		};
/* End PBXFrameworksBuildPhase section */

/* Begin PBXGroup section */
		5A3249602FCD5DD4009D0655 /* FavouriteLeagues */ = {
			isa = PBXGroup;
			children = (
				5A9D781A2FD2F4CF003151AA /* Presenter */,
				5A4FF2A82FC179D300CB7BD4 /* View */,
			);
			path = FavouriteLeagues;
			sourceTree = "<group>";
		};
		5A4FF29B2FC1371200CB7BD4 /* Home */ = {
			isa = PBXGroup;
			children = (
				5A9D781F2FD328D9003151AA /* Presenter */,
				5A4FF2A22FC1421100CB7BD4 /* View */,
			);
			path = Home;
			sourceTree = "<group>";
		};
		5A4FF2A22FC1421100CB7BD4 /* View */ = {
			isa = PBXGroup;
			children = (
				5A4FF29E2FC1379800CB7BD4 /* HomeViewController.swift */,
				5A4FF2A02FC137F500CB7BD4 /* SportsCell.swift */,
			);
			path = View;
			sourceTree = "<group>";
		};
		5A4FF2A32FC176D100CB7BD4 /* LeaguesList */ = {
			isa = PBXGroup;
			children = (
				5A952A5B2FCF142D00D5D8CC /* Presenter */,
				5A4FF2A42FC176F300CB7BD4 /* View */,
			);
			path = LeaguesList;
			sourceTree = "<group>";
		};
		5A4FF2A42FC176F300CB7BD4 /* View */ = {
			isa = PBXGroup;
			children = (
				5A952A642FCF17F100D5D8CC /* LeagueCellDelegate.swift */,
				5A4FF2A52FC1776200CB7BD4 /* LeaguesListViewController.swift */,
				5A3249612FCD5E68009D0655 /* LeagueCell.swift */,
				5A3249622FCD5E68009D0655 /* LeagueCell.xib */,
			);
			path = View;
			sourceTree = "<group>";
		};
		5A4FF2A82FC179D300CB7BD4 /* View */ = {
			isa = PBXGroup;
			children = (
				5A4FF2A92FC179FF00CB7BD4 /* FavouriteLeaguesViewController.swift */,
				5A3249652FCD5EB6009D0655 /* FavouriteLeagueCell.swift */,
				5A3249662FCD5EB6009D0655 /* FavouriteLeagueCell.xib */,
			);
			path = View;
			sourceTree = "<group>";
		};
		5A952A5B2FCF142D00D5D8CC /* Presenter */ = {
			isa = PBXGroup;
			children = (
				5A952A5D2FCF146400D5D8CC /* LeaguesPresenter.swift */,
			);
			path = Presenter;
			sourceTree = "<group>";
		};
		5A952A5F2FCF165F00D5D8CC /* CoreData */ = {
			isa = PBXGroup;
			children = (
				5A5329262FCF2F7B00166826 /* FavouriteLeague+CoreDataClass.swift */,
				5A5329272FCF2F7B00166826 /* FavouriteLeague+CoreDataProperties.swift */,
				5A952A602FCF168600D5D8CC /* CoreDataManager.swift */,
				5A952A622FCF175D00D5D8CC /* FavouriteManager.swift */,
				5A9543322FBC874B00571374 /* SportsZone.xcdatamodeld */,
			);
			path = CoreData;
			sourceTree = "<group>";
		};
		5A952A662FCF1D4200D5D8CC /* Helpers */ = {
			isa = PBXGroup;
			children = (
				5A952A672FCF1D5700D5D8CC /* ReachabilityManager.swift */,
			);
			path = Helpers;
			sourceTree = "<group>";
		};
		5A95431D2FBC874B00571374 = {
			isa = PBXGroup;
			children = (
				5A9543282FBC874B00571374 /* SportsZone */,
				5A9543422FBC874E00571374 /* SportsZoneTests */,
				5A95434C2FBC874E00571374 /* SportsZoneUITests */,
				5A9543272FBC874B00571374 /* Products */,
				5A9D78272FD36110003151AA /* Frameworks */,
			);
			sourceTree = "<group>";
		};
		5A9543272FBC874B00571374 /* Products */ = {
			isa = PBXGroup;
			children = (
				5A9543262FBC874B00571374 /* SportsZone.app */,
				5A95433F2FBC874E00571374 /* SportsZoneTests.xctest */,
				5A9543492FBC874E00571374 /* SportsZoneUITests.xctest */,
			);
			name = Products;
			sourceTree = "<group>";
		};
		5A9543282FBC874B00571374 /* SportsZone */ = {
			isa = PBXGroup;
			children = (
				5A952A5F2FCF165F00D5D8CC /* CoreData */,
				D58DBF332FC3972B000F4C1A /* data */,
				D571242F2FBE1E710091FB75 /* Core */,
				D571243D2FBE1E760091FB75 /* Features */,
				D57124482FBE1E7A0091FB75 /* View */,
				5A9543292FBC874B00571374 /* AppDelegate.swift */,
				5A95432B2FBC874B00571374 /* SceneDelegate.swift */,
				5A9543352FBC874E00571374 /* Assets.xcassets */,
				5A95433A2FBC874E00571374 /* Info.plist */,
			);
			path = SportsZone;
			sourceTree = "<group>";
		};
		5A9543422FBC874E00571374 /* SportsZoneTests */ = {
			isa = PBXGroup;
			children = (
				5A9B24DB2FD388CB008C5984 /* Reachability */,
				5A9D78322FD36F48003151AA /* CoreData */,
				D57A62982FD0A2D10031D6DF /* Features */,
				D57A628F2FD09A140031D6DF /* Data */,
			);
			path = SportsZoneTests;
			sourceTree = "<group>";
		};
		5A95434C2FBC874E00571374 /* SportsZoneUITests */ = {
			isa = PBXGroup;
			children = (
				5A95434D2FBC874E00571374 /* SportsZoneUITests.swift */,
				5A95434F2FBC874E00571374 /* SportsZoneUITestsLaunchTests.swift */,
			);
			path = SportsZoneUITests;
			sourceTree = "<group>";
		};
		5A9B24DB2FD388CB008C5984 /* Reachability */ = {
			isa = PBXGroup;
			children = (
				5A9B24DC2FD388D7008C5984 /* MockReachability.swift */,
			);
			path = Reachability;
			sourceTree = "<group>";
		};
		5A9B24DE2FD38963008C5984 /* Home */ = {
			isa = PBXGroup;
			children = (
				5A9B24E02FD3897B008C5984 /* MockData */,
				5A9B24DF2FD38970008C5984 /* Presenter */,
			);
			path = Home;
			sourceTree = "<group>";
		};
		5A9B24DF2FD38970008C5984 /* Presenter */ = {
			isa = PBXGroup;
			children = (
				5A9B24E32FD38A3D008C5984 /* HomePresenterTests.swift */,
			);
			path = Presenter;
			sourceTree = "<group>";
		};
		5A9B24E02FD3897B008C5984 /* MockData */ = {
			isa = PBXGroup;
			children = (
				5A9B24E12FD3899A008C5984 /* MockHomeView.swift */,
			);
			path = MockData;
			sourceTree = "<group>";
		};
		5A9D781A2FD2F4CF003151AA /* Presenter */ = {
			isa = PBXGroup;
			children = (
				5A9D781B2FD30042003151AA /* FavouriteLeaguesPresenter.swift */,
			);
			path = Presenter;
			sourceTree = "<group>";
		};
		5A9D781F2FD328D9003151AA /* Presenter */ = {
			isa = PBXGroup;
			children = (
				5A9D781D2FD328D4003151AA /* HomePresenter.swift */,
			);
			path = Presenter;
			sourceTree = "<group>";
		};
		5A9D78272FD36110003151AA /* Frameworks */ = {
			isa = PBXGroup;
			children = (
			);
			name = Frameworks;
			sourceTree = "<group>";
		};
		5A9D782C2FD36C47003151AA /* Leagues */ = {
			isa = PBXGroup;
			children = (
				5A9D782E2FD36CC6003151AA /* Presenter */,
				5A9D782D2FD36CA3003151AA /* MockData */,
			);
			path = Leagues;
			sourceTree = "<group>";
		};
		5A9D782D2FD36CA3003151AA /* MockData */ = {
			isa = PBXGroup;
			children = (
				5A9B24E52FD38D64008C5984 /* MockLeaguesView.swift */,
			);
			path = MockData;
			sourceTree = "<group>";
		};
		5A9D782E2FD36CC6003151AA /* Presenter */ = {
			isa = PBXGroup;
			children = (
				5A9B24E72FD38E00008C5984 /* LeaguesPresenterTests.swift */,
			);
			path = Presenter;
			sourceTree = "<group>";
		};
		5A9D782F2FD36CF0003151AA /* Favourites */ = {
			isa = PBXGroup;
			children = (
				5A9D78312FD36D19003151AA /* Presenter */,
				5A9D78302FD36D0C003151AA /* MockData */,
			);
			path = Favourites;
			sourceTree = "<group>";
		};
		5A9D78302FD36D0C003151AA /* MockData */ = {
			isa = PBXGroup;
			children = (
				5A9D78352FD37037003151AA /* MockFavouriteLeaguesView.swift */,
			);
			path = MockData;
			sourceTree = "<group>";
		};
		5A9D78312FD36D19003151AA /* Presenter */ = {
			isa = PBXGroup;
			children = (
				5A9B24E92FD3910F008C5984 /* FavouriteLeaguesPresenterTests.swift */,
			);
			path = Presenter;
			sourceTree = "<group>";
		};
		5A9D78322FD36F48003151AA /* CoreData */ = {
			isa = PBXGroup;
			children = (
				5A9D78332FD36F6B003151AA /* MockFavouriteManager.swift */,
			);
			path = CoreData;
			sourceTree = "<group>";
		};
		D57124292FBE1E710091FB75 /* Colors */ = {
			isa = PBXGroup;
			children = (
				D57124282FBE1E710091FB75 /* AppColors.swift */,
			);
			path = Colors;
			sourceTree = "<group>";
		};
		D571242E2FBE1E710091FB75 /* Font */ = {
			isa = PBXGroup;
			children = (
				D571242A2FBE1E710091FB75 /* Nunito-Bold.ttf */,
				D571242B2FBE1E710091FB75 /* Nunito-Medium.ttf */,
				D571242C2FBE1E710091FB75 /* Nunito-Regular.ttf */,
				D571242D2FBE1E710091FB75 /* Nunito-SemiBold.ttf */,
			);
			path = Font;
			sourceTree = "<group>";
		};
		D571242F2FBE1E710091FB75 /* Core */ = {
			isa = PBXGroup;
			children = (
				5A952A662FCF1D4200D5D8CC /* Helpers */,
				D58DBF382FC39740000F4C1A /* Extentions */,
				D58DBF3C2FC39740000F4C1A /* Network */,
				D57124292FBE1E710091FB75 /* Colors */,
				D571242E2FBE1E710091FB75 /* Font */,
			);
			path = Core;
			sourceTree = "<group>";
		};
		D571243D2FBE1E760091FB75 /* Features */ = {
			isa = PBXGroup;
			children = (
				5A3249602FCD5DD4009D0655 /* FavouriteLeagues */,
				D5818ABD2FC3BD320044DBC2 /* TeamDetails */,
				5A4FF2A32FC176D100CB7BD4 /* LeaguesList */,
				5A4FF29B2FC1371200CB7BD4 /* Home */,
				D58DBF492FC397A8000F4C1A /* LeaguesDetails */,
			);
			path = Features;
			sourceTree = "<group>";
		};
		D57124482FBE1E7A0091FB75 /* View */ = {
			isa = PBXGroup;
			children = (
				D57124422FBE1E7A0091FB75 /* EventCell.xib */,
				D57124432FBE1E7A0091FB75 /* HeaderView.xib */,
				D57124452FBE1E7A0091FB75 /* LaunchScreen.storyboard */,
				D57124472FBE1E7A0091FB75 /* Main.storyboard */,
				D5818AC72FC3D9940044DBC2 /* PlayerCell.xib */,
				D56AE9B82FCDD52D0034C90B /* EmptyCollectionViewCell.xib */,
			);
			path = View;
			sourceTree = "<group>";
		};
		D57A628F2FD09A140031D6DF /* Data */ = {
			isa = PBXGroup;
			children = (
				D57A62932FD09C470031D6DF /* MockData */,
				D57A62902FD09A1C0031D6DF /* Repository */,
			);
			path = Data;
			sourceTree = "<group>";
		};
		D57A62902FD09A1C0031D6DF /* Repository */ = {
			isa = PBXGroup;
			children = (
				D57A62962FD0A0370031D6DF /* TeamsRepoTests.swift */,
				D57A62912FD09A320031D6DF /* LeaguesRepoTests.swift */,
			);
			path = Repository;
			sourceTree = "<group>";
		};
		D57A62932FD09C470031D6DF /* MockData */ = {
			isa = PBXGroup;
			children = (
				D57A62AA2FD0AF090031D6DF /* MockTeamsRepo.swift */,
				D57A62942FD09C690031D6DF /* MockNetworkManager.swift */,
				D57A62A12FD0A6020031D6DF /* MockLeaguesRepo.swift */,
			);
			path = MockData;
			sourceTree = "<group>";
		};
		D57A62982FD0A2D10031D6DF /* Features */ = {
			isa = PBXGroup;
			children = (
				5A9B24DE2FD38963008C5984 /* Home */,
				5A9D782F2FD36CF0003151AA /* Favourites */,
				5A9D782C2FD36C47003151AA /* Leagues */,
				D57A62A32FD0AE640031D6DF /* TeamDetails */,
				D57A62992FD0A2E70031D6DF /* LeaguesDetails */,
			);
			path = Features;
			sourceTree = "<group>";
		};
		D57A62992FD0A2E70031D6DF /* LeaguesDetails */ = {
			isa = PBXGroup;
			children = (
				D57A629E2FD0A5B90031D6DF /* MockData */,
				D57A629A2FD0A3390031D6DF /* Presenter */,
			);
			path = LeaguesDetails;
			sourceTree = "<group>";
		};
		D57A629A2FD0A3390031D6DF /* Presenter */ = {
			isa = PBXGroup;
			children = (
				D57A629C2FD0A3710031D6DF /* LeaguesDetailsPresenter.Tests.swift */,
			);
			path = Presenter;
			sourceTree = "<group>";
		};
		D57A629E2FD0A5B90031D6DF /* MockData */ = {
			isa = PBXGroup;
			children = (
				D57A629F2FD0A5D10031D6DF /* MockLeaguesDetailsView.swift */,
			);
			path = MockData;
			sourceTree = "<group>";
		};
		D57A62A32FD0AE640031D6DF /* TeamDetails */ = {
			isa = PBXGroup;
			children = (
				D57A62A72FD0AEC40031D6DF /* MockData */,
				D57A62A42FD0AE780031D6DF /* Presenter */,
			);
			path = TeamDetails;
			sourceTree = "<group>";
		};
		D57A62A42FD0AE780031D6DF /* Presenter */ = {
			isa = PBXGroup;
			children = (
				D57A62A52FD0AE820031D6DF /* TeamDetailsPresenter.swift */,
			);
			path = Presenter;
			sourceTree = "<group>";
		};
		D57A62A72FD0AEC40031D6DF /* MockData */ = {
			isa = PBXGroup;
			children = (
				D57A62A82FD0AED00031D6DF /* MockTeamDetailsView.swift */,
			);
			path = MockData;
			sourceTree = "<group>";
		};
		D5818ABD2FC3BD320044DBC2 /* TeamDetails */ = {
			isa = PBXGroup;
			children = (
				D5818ABF2FC3BD480044DBC2 /* View */,
				D5818ABE2FC3BD3E0044DBC2 /* Presenter */,
			);
			path = TeamDetails;
			sourceTree = "<group>";
		};
		D5818ABE2FC3BD3E0044DBC2 /* Presenter */ = {
			isa = PBXGroup;
			children = (
				D5818AC02FC3BD540044DBC2 /* TeamDetailsPresenter.swift */,
			);
			path = Presenter;
			sourceTree = "<group>";
		};
		D5818ABF2FC3BD480044DBC2 /* View */ = {
			isa = PBXGroup;
			children = (
				D5818AC22FC3D0630044DBC2 /* TeamDetailesViewController.swift */,
				D5818AC62FC3D9940044DBC2 /* PlayerCell.swift */,
			);
			path = View;
			sourceTree = "<group>";
		};
		D58DBF302FC3972B000F4C1A /* Model */ = {
			isa = PBXGroup;
			children = (
				D5E6AD772FD454790004F3F1 /* Tennis */,
				D5E6AD762FD4546F0004F3F1 /* Cricket */,
				D5E6AD752FD454580004F3F1 /* Basketball */,
				D5E6AD742FD454510004F3F1 /* Football */,
				D5311DFA2FC3A6E7000F2AA7 /* Coach.swift */,
				D5311DF82FC3A45C000F2AA7 /* Player.swift */,
				D58DBF2E2FC3972B000F4C1A /* SportEvent.swift */,
				D58DBF2F2FC3972B000F4C1A /* Team.swift */,
				5A985FAC2FCECA5C00B6C590 /* League.swift */,
			);
			path = Model;
			sourceTree = "<group>";
		};
		D58DBF322FC3972B000F4C1A /* Repository */ = {
			isa = PBXGroup;
			children = (
				D5818ABA2FC3BA400044DBC2 /* TeamsRepo.swift */,
				D58DBF312FC3972B000F4C1A /* LeaguesRepo.swift */,
			);
			path = Repository;
			sourceTree = "<group>";
		};
		D58DBF332FC3972B000F4C1A /* data */ = {
			isa = PBXGroup;
			children = (
				D58DBF302FC3972B000F4C1A /* Model */,
				D58DBF322FC3972B000F4C1A /* Repository */,
			);
			path = data;
			sourceTree = "<group>";
		};
		D58DBF382FC39740000F4C1A /* Extentions */ = {
			isa = PBXGroup;
			children = (
				D58DBF372FC39740000F4C1A /* HelperFunctions.swift */,
			);
			path = Extentions;
			sourceTree = "<group>";
		};
		D58DBF3C2FC39740000F4C1A /* Network */ = {
			isa = PBXGroup;
			children = (
				D58DBF392FC39740000F4C1A /* ApiConstants.swift */,
				D58DBF3A2FC39740000F4C1A /* ApiKeyInterceptor.swift */,
				D58DBF3B2FC39740000F4C1A /* NetworkManager.swift */,
			);
			path = Network;
			sourceTree = "<group>";
		};
		D58DBF422FC397A8000F4C1A /* Presenter */ = {
			isa = PBXGroup;
			children = (
				D58DBF412FC397A8000F4C1A /* LeaguesDetailsPresenter.swift */,
			);
			path = Presenter;
			sourceTree = "<group>";
		};
		D58DBF452FC397A8000F4C1A /* ReusableViews */ = {
			isa = PBXGroup;
			children = (
				D58DBF432FC397A8000F4C1A /* EventCell.swift */,
				D58DBF442FC397A8000F4C1A /* HeaderView.swift */,
				D56AE9B72FCDD52D0034C90B /* EmptyCollectionViewCell.swift */,
			);
			path = ReusableViews;
			sourceTree = "<group>";
		};
		D58DBF482FC397A8000F4C1A /* View */ = {
			isa = PBXGroup;
			children = (
				D575EBF22FD4AF1000DD079C /* FavDelegate.swift */,
				D58DBF452FC397A8000F4C1A /* ReusableViews */,
				D58DBF462FC397A8000F4C1A /* LeaguesDetailsCollectionViewController.swift */,
				D58DBF472FC397A8000F4C1A /* TeamsCollectionViewCell.swift */,
				D5E6AD822FD483A60004F3F1 /* LeagueInfoCell.swift */,
			);
			path = View;
			sourceTree = "<group>";
		};
		D58DBF492FC397A8000F4C1A /* LeaguesDetails */ = {
			isa = PBXGroup;
			children = (
				D58DBF422FC397A8000F4C1A /* Presenter */,
				D58DBF482FC397A8000F4C1A /* View */,
			);
			path = LeaguesDetails;
			sourceTree = "<group>";
		};
		D5E6AD742FD454510004F3F1 /* Football */ = {
			isa = PBXGroup;
			children = (
				D5E6AD782FD454840004F3F1 /* FootballEvent.swift */,
			);
			path = Football;
			sourceTree = "<group>";
		};
		D5E6AD752FD454580004F3F1 /* Basketball */ = {
			isa = PBXGroup;
			children = (
				D5E6AD7A2FD454AE0004F3F1 /* BasketballEvent.swift */,
			);
			path = Basketball;
			sourceTree = "<group>";
		};
		D5E6AD762FD4546F0004F3F1 /* Cricket */ = {
			isa = PBXGroup;
			children = (
				D5E6AD7C2FD454DF0004F3F1 /* CricketEvent.swift */,
			);
			path = Cricket;
			sourceTree = "<group>";
		};
		D5E6AD772FD454790004F3F1 /* Tennis */ = {
			isa = PBXGroup;
			children = (
				D5E6AD802FD46D9B0004F3F1 /* TennisPlayers.swift */,
				D5E6AD7E2FD4550C0004F3F1 /* TennisEvent.swift */,
			);
			path = Tennis;
			sourceTree = "<group>";
		};
/* End PBXGroup section */

/* Begin PBXNativeTarget section */
		5A9543252FBC874B00571374 /* SportsZone */ = {
			isa = PBXNativeTarget;
			buildConfigurationList = 5A9543532FBC874E00571374 /* Build configuration list for PBXNativeTarget "SportsZone" */;
			buildPhases = (
				5A9543222FBC874B00571374 /* Sources */,
				5A9543232FBC874B00571374 /* Frameworks */,
				5A9543242FBC874B00571374 /* Resources */,
			);
			buildRules = (
			);
			dependencies = (
			);
			name = SportsZone;
			packageProductDependencies = (
				5AD06DA02FBE2BEF004674CD /* SDWebImage */,
				5AD06DA22FBE2BEF004674CD /* SDWebImageMapKit */,
				5AD06DA52FBE2C60004674CD /* Reachability */,
				5AD06DA82FBE2E8F004674CD /* Alamofire */,
				5AD06DAB2FBE2FD2004674CD /* ShimmerSwift */,
				D5A78D992FCF3F96009E7DC8 /* SkeletonView */,
			);
			productName = SportsZone;
			productReference = 5A9543262FBC874B00571374 /* SportsZone.app */;
			productType = "com.apple.product-type.application";
		};
		5A95433E2FBC874E00571374 /* SportsZoneTests */ = {
			isa = PBXNativeTarget;
			buildConfigurationList = 5A9543562FBC874E00571374 /* Build configuration list for PBXNativeTarget "SportsZoneTests" */;
			buildPhases = (
				5A95433B2FBC874E00571374 /* Sources */,
				5A95433C2FBC874E00571374 /* Frameworks */,
				5A95433D2FBC874E00571374 /* Resources */,
			);
			buildRules = (
			);
			dependencies = (
				5A9543412FBC874E00571374 /* PBXTargetDependency */,
			);
			name = SportsZoneTests;
			packageProductDependencies = (
				5A9D78282FD36116003151AA /* SDWebImage */,
				5A9D782A2FD3611C003151AA /* SDWebImageMapKit */,
			);
			productName = SportsZoneTests;
			productReference = 5A95433F2FBC874E00571374 /* SportsZoneTests.xctest */;
			productType = "com.apple.product-type.bundle.unit-test";
		};
		5A9543482FBC874E00571374 /* SportsZoneUITests */ = {
			isa = PBXNativeTarget;
			buildConfigurationList = 5A9543592FBC874E00571374 /* Build configuration list for PBXNativeTarget "SportsZoneUITests" */;
			buildPhases = (
				5A9543452FBC874E00571374 /* Sources */,
				5A9543462FBC874E00571374 /* Frameworks */,
				5A9543472FBC874E00571374 /* Resources */,
			);
			buildRules = (
			);
			dependencies = (
				5A95434B2FBC874E00571374 /* PBXTargetDependency */,
			);
			name = SportsZoneUITests;
			productName = SportsZoneUITests;
			productReference = 5A9543492FBC874E00571374 /* SportsZoneUITests.xctest */;
			productType = "com.apple.product-type.bundle.ui-testing";
		};
/* End PBXNativeTarget section */

/* Begin PBXProject section */
		5A95431E2FBC874B00571374 /* Project object */ = {
			isa = PBXProject;
			attributes = {
				BuildIndependentTargetsInParallel = 1;
				LastSwiftUpdateCheck = 1420;
				LastUpgradeCheck = 1420;
				TargetAttributes = {
					5A9543252FBC874B00571374 = {
						CreatedOnToolsVersion = 14.2;
					};
					5A95433E2FBC874E00571374 = {
						CreatedOnToolsVersion = 14.2;
						TestTargetID = 5A9543252FBC874B00571374;
					};
					5A9543482FBC874E00571374 = {
						CreatedOnToolsVersion = 14.2;
						TestTargetID = 5A9543252FBC874B00571374;
					};
				};
			};
			buildConfigurationList = 5A9543212FBC874B00571374 /* Build configuration list for PBXProject "SportsZone" */;
			compatibilityVersion = "Xcode 14.0";
			developmentRegion = en;
			hasScannedForEncodings = 0;
			knownRegions = (
				en,
				Base,
			);
			mainGroup = 5A95431D2FBC874B00571374;
			packageReferences = (
				5AD06D9F2FBE2BEF004674CD /* XCRemoteSwiftPackageReference "sdwebimage" */,
				5AD06DA42FBE2C60004674CD /* XCRemoteSwiftPackageReference "Reachability" */,
				5AD06DA72FBE2E8F004674CD /* XCRemoteSwiftPackageReference "Alamofire" */,
				5AD06DAA2FBE2FD2004674CD /* XCRemoteSwiftPackageReference "ShimmerSwift" */,
				D5A78D982FCF3F96009E7DC8 /* XCRemoteSwiftPackageReference "SkeletonView" */,
			);
			productRefGroup = 5A9543272FBC874B00571374 /* Products */;
			projectDirPath = "";
			projectRoot = "";
			targets = (
				5A9543252FBC874B00571374 /* SportsZone */,
				5A95433E2FBC874E00571374 /* SportsZoneTests */,
				5A9543482FBC874E00571374 /* SportsZoneUITests */,
			);
		};
/* End PBXProject section */

/* Begin PBXResourcesBuildPhase section */
		5A9543242FBC874B00571374 /* Resources */ = {
			isa = PBXResourcesBuildPhase;
			buildActionMask = 2147483647;
			files = (
				D57124312FBE1E710091FB75 /* Nunito-Bold.ttf in Resources */,
				D57124322FBE1E710091FB75 /* Nunito-Medium.ttf in Resources */,
				D56AE9B92FCDD52D0034C90B /* EmptyCollectionViewCell.xib in Resources */,
				D57124332FBE1E710091FB75 /* Nunito-Regular.ttf in Resources */,
				D57124342FBE1E710091FB75 /* Nunito-SemiBold.ttf in Resources */,
				5A9543362FBC874E00571374 /* Assets.xcassets in Resources */,
				5A3249642FCD5E68009D0655 /* LeagueCell.xib in Resources */,
				D57124492FBE1E7A0091FB75 /* EventCell.xib in Resources */,
				D571244A2FBE1E7A0091FB75 /* HeaderView.xib in Resources */,
				5A3249682FCD5EB6009D0655 /* FavouriteLeagueCell.xib in Resources */,
				D571244B2FBE1E7A0091FB75 /* LaunchScreen.storyboard in Resources */,
				D5818AC82FC3D9940044DBC2 /* PlayerCell.xib in Resources */,
				D571244C2FBE1E7A0091FB75 /* Main.storyboard in Resources */,
			);
			runOnlyForDeploymentPostprocessing = 0;
		};
		5A95433D2FBC874E00571374 /* Resources */ = {
			isa = PBXResourcesBuildPhase;
			buildActionMask = 2147483647;
			files = (
			);
			runOnlyForDeploymentPostprocessing = 0;
		};
		5A9543472FBC874E00571374 /* Resources */ = {
			isa = PBXResourcesBuildPhase;
			buildActionMask = 2147483647;
			files = (
			);
			runOnlyForDeploymentPostprocessing = 0;
		};
/* End PBXResourcesBuildPhase section */

/* Begin PBXSourcesBuildPhase section */
		5A9543222FBC874B00571374 /* Sources */ = {
			isa = PBXSourcesBuildPhase;
			buildActionMask = 2147483647;
			files = (
				5A95432A2FBC874B00571374 /* AppDelegate.swift in Sources */,
				D5E6AD832FD483A60004F3F1 /* LeagueInfoCell.swift in Sources */,
				D57124302FBE1E710091FB75 /* AppColors.swift in Sources */,
				D58DBF3D2FC39740000F4C1A /* ApiConstants.swift in Sources */,
				D5E6AD792FD4548B0004F3F1 /* FootballEvent.swift in Sources */,
				D58DBF4A2FC397A8000F4C1A /* EventCell.swift in Sources */,
				5A985FAD2FCECA5C00B6C590 /* League.swift in Sources */,
				5A9D781E2FD328D4003151AA /* HomePresenter.swift in Sources */,
				5A952A612FCF168600D5D8CC /* CoreDataManager.swift in Sources */,
				5A3249632FCD5E68009D0655 /* LeagueCell.swift in Sources */,
				D5311DF92FC3A460000F2AA7 /* Player.swift in Sources */,
				D5E6AD7D2FD454E50004F3F1 /* CricketEvent.swift in Sources */,
				D58DBF4B2FC397A8000F4C1A /* TeamsCollectionViewCell.swift in Sources */,
				5A9D781C2FD30042003151AA /* FavouriteLeaguesPresenter.swift in Sources */,
				D58DBF4C2FC397A8000F4C1A /* LeaguesDetailsPresenter.swift in Sources */,
				5A952A652FCF17F100D5D8CC /* LeagueCellDelegate.swift in Sources */,
				D58DBF4D2FC397A8000F4C1A /* HeaderView.swift in Sources */,
				D58DBF4E2FC397A8000F4C1A /* LeaguesDetailsCollectionViewController.swift in Sources */,
				5A5329282FCF2F7B00166826 /* FavouriteLeague+CoreDataClass.swift in Sources */,
				D58DBF3E2FC39740000F4C1A /* NetworkManager.swift in Sources */,
				D5818AC12FC3BD670044DBC2 /* TeamDetailsPresenter.swift in Sources */,
				D58DBF3F2FC39740000F4C1A /* ApiKeyInterceptor.swift in Sources */,
				D5818AC92FC3D9940044DBC2 /* PlayerCell.swift in Sources */,
				5A952A632FCF175D00D5D8CC /* FavouriteManager.swift in Sources */,
				D58DBF402FC39740000F4C1A /* HelperFunctions.swift in Sources */,
				5A4FF29F2FC1379800CB7BD4 /* HomeViewController.swift in Sources */,
				D5818AC32FC3D0630044DBC2 /* TeamDetailesViewController.swift in Sources */,
				5A4FF2A62FC1776200CB7BD4 /* LeaguesListViewController.swift in Sources */,
				D5311DFB2FC3A6F2000F2AA7 /* Coach.swift in Sources */,
				D58DBF342FC3972B000F4C1A /* Team.swift in Sources */,
				5A3249672FCD5EB6009D0655 /* FavouriteLeagueCell.swift in Sources */,
				5A5329292FCF2F7B00166826 /* FavouriteLeague+CoreDataProperties.swift in Sources */,
				D575EBF32FD4AF1900DD079C /* FavDelegate.swift in Sources */,
				D5818ABB2FC3BA4B0044DBC2 /* TeamsRepo.swift in Sources */,
				D58DBF352FC3972B000F4C1A /* LeaguesRepo.swift in Sources */,
				D58DBF362FC3972B000F4C1A /* SportEvent.swift in Sources */,
				5A9543342FBC874B00571374 /* SportsZone.xcdatamodeld in Sources */,
				D5E6AD812FD46DA90004F3F1 /* TennisPlayers.swift in Sources */,
				5A952A682FCF1D5700D5D8CC /* ReachabilityManager.swift in Sources */,
				5A4FF2AA2FC179FF00CB7BD4 /* FavouriteLeaguesViewController.swift in Sources */,
				5A952A5E2FCF146400D5D8CC /* LeaguesPresenter.swift in Sources */,
				5A4FF2A12FC137F500CB7BD4 /* SportsCell.swift in Sources */,
				D5E6AD7F2FD455120004F3F1 /* TennisEvent.swift in Sources */,
				D5E6AD7B2FD454B50004F3F1 /* BasketballEvent.swift in Sources */,
				D56AE9BA2FCDD52D0034C90B /* EmptyCollectionViewCell.swift in Sources */,
				5A95432C2FBC874B00571374 /* SceneDelegate.swift in Sources */,
			);
			runOnlyForDeploymentPostprocessing = 0;
		};
		5A95433B2FBC874E00571374 /* Sources */ = {
			isa = PBXSourcesBuildPhase;
			buildActionMask = 2147483647;
			files = (
				D57A62952FD09C740031D6DF /* MockNetworkManager.swift in Sources */,
				5A9B24DD2FD388D7008C5984 /* MockReachability.swift in Sources */,
				D57A62AB2FD0AF180031D6DF /* MockTeamsRepo.swift in Sources */,
				D57A62922FD09A380031D6DF /* LeaguesRepoTests.swift in Sources */,
				5A9B24EA2FD3910F008C5984 /* FavouriteLeaguesPresenterTests.swift in Sources */,
				D57A62A62FD0AE8D0031D6DF /* TeamDetailsPresenter.swift in Sources */,
				5A9B24E42FD38A3D008C5984 /* HomePresenterTests.swift in Sources */,
				D57A629D2FD0A3760031D6DF /* LeaguesDetailsPresenter.Tests.swift in Sources */,
				5A9D78342FD36F6B003151AA /* MockFavouriteManager.swift in Sources */,
				D57A62A02FD0A5D30031D6DF /* MockLeaguesDetailsView.swift in Sources */,
				D57A62A22FD0A6040031D6DF /* MockLeaguesRepo.swift in Sources */,
				5A9B24E62FD38D64008C5984 /* MockLeaguesView.swift in Sources */,
				D57A62A92FD0AED20031D6DF /* MockTeamDetailsView.swift in Sources */,
				5A9B24E22FD3899A008C5984 /* MockHomeView.swift in Sources */,
				5A9B24E82FD38E00008C5984 /* LeaguesPresenterTests.swift in Sources */,
				5A9D78362FD37037003151AA /* MockFavouriteLeaguesView.swift in Sources */,
				D57A62972FD0A0410031D6DF /* TeamsRepoTests.swift in Sources */,
			);
			runOnlyForDeploymentPostprocessing = 0;
		};
		5A9543452FBC874E00571374 /* Sources */ = {
			isa = PBXSourcesBuildPhase;
			buildActionMask = 2147483647;
			files = (
				5A95434E2FBC874E00571374 /* SportsZoneUITests.swift in Sources */,
				5A9543502FBC874E00571374 /* SportsZoneUITestsLaunchTests.swift in Sources */,
			);
			runOnlyForDeploymentPostprocessing = 0;
		};
/* End PBXSourcesBuildPhase section */

/* Begin PBXTargetDependency section */
		5A9543412FBC874E00571374 /* PBXTargetDependency */ = {
			isa = PBXTargetDependency;
			target = 5A9543252FBC874B00571374 /* SportsZone */;
			targetProxy = 5A9543402FBC874E00571374 /* PBXContainerItemProxy */;
		};
		5A95434B2FBC874E00571374 /* PBXTargetDependency */ = {
			isa = PBXTargetDependency;
			target = 5A9543252FBC874B00571374 /* SportsZone */;
			targetProxy = 5A95434A2FBC874E00571374 /* PBXContainerItemProxy */;
		};
/* End PBXTargetDependency section */

/* Begin PBXVariantGroup section */
		D57124452FBE1E7A0091FB75 /* LaunchScreen.storyboard */ = {
			isa = PBXVariantGroup;
			children = (
				D57124442FBE1E7A0091FB75 /* Base */,
			);
			name = LaunchScreen.storyboard;
			sourceTree = "<group>";
		};
		D57124472FBE1E7A0091FB75 /* Main.storyboard */ = {
			isa = PBXVariantGroup;
			children = (
				D57124462FBE1E7A0091FB75 /* Base */,
			);
			name = Main.storyboard;
			sourceTree = "<group>";
		};
/* End PBXVariantGroup section */

/* Begin XCBuildConfiguration section */
		5A9543512FBC874E00571374 /* Debug */ = {
			isa = XCBuildConfiguration;
			buildSettings = {
				ALWAYS_SEARCH_USER_PATHS = NO;
				CLANG_ANALYZER_NONNULL = YES;
				CLANG_ANALYZER_NUMBER_OBJECT_CONVERSION = YES_AGGRESSIVE;
				CLANG_CXX_LANGUAGE_STANDARD = "gnu++20";
				CLANG_ENABLE_MODULES = YES;
				CLANG_ENABLE_OBJC_ARC = YES;
				CLANG_ENABLE_OBJC_WEAK = YES;
				CLANG_WARN_BLOCK_CAPTURE_AUTORELEASING = YES;
				CLANG_WARN_BOOL_CONVERSION = YES;
				CLANG_WARN_COMMA = YES;
				CLANG_WARN_CONSTANT_CONVERSION = YES;
				CLANG_WARN_DEPRECATED_OBJC_IMPLEMENTATIONS = YES;
				CLANG_WARN_DIRECT_OBJC_ISA_USAGE = YES_ERROR;
				CLANG_WARN_DOCUMENTATION_COMMENTS = YES;
				CLANG_WARN_EMPTY_BODY = YES;
				CLANG_WARN_ENUM_CONVERSION = YES;
				CLANG_WARN_INFINITE_RECURSION = YES;
				CLANG_WARN_INT_CONVERSION = YES;
				CLANG_WARN_NON_LITERAL_NULL_CONVERSION = YES;
				CLANG_WARN_OBJC_IMPLICIT_RETAIN_SELF = YES;
				CLANG_WARN_OBJC_LITERAL_CONVERSION = YES;
				CLANG_WARN_OBJC_ROOT_CLASS = YES_ERROR;
				CLANG_WARN_QUOTED_INCLUDE_IN_FRAMEWORK_HEADER = YES;
				CLANG_WARN_RANGE_LOOP_ANALYSIS = YES;
				CLANG_WARN_STRICT_PROTOTYPES = YES;
				CLANG_WARN_SUSPICIOUS_MOVE = YES;
				CLANG_WARN_UNGUARDED_AVAILABILITY = YES_AGGRESSIVE;
				CLANG_WARN_UNREACHABLE_CODE = YES;
				CLANG_WARN__DUPLICATE_METHOD_MATCH = YES;
				COPY_PHASE_STRIP = NO;
				DEBUG_INFORMATION_FORMAT = dwarf;
				ENABLE_STRICT_OBJC_MSGSEND = YES;
				ENABLE_TESTABILITY = YES;
				GCC_C_LANGUAGE_STANDARD = gnu11;
				GCC_DYNAMIC_NO_PIC = NO;
				GCC_NO_COMMON_BLOCKS = YES;
				GCC_OPTIMIZATION_LEVEL = 0;
				GCC_PREPROCESSOR_DEFINITIONS = (
					"DEBUG=1",
					"$(inherited)",
				);
				GCC_WARN_64_TO_32_BIT_CONVERSION = YES;
				GCC_WARN_ABOUT_RETURN_TYPE = YES_ERROR;
				GCC_WARN_UNDECLARED_SELECTOR = YES;
				GCC_WARN_UNINITIALIZED_AUTOS = YES_AGGRESSIVE;
				GCC_WARN_UNUSED_FUNCTION = YES;
				GCC_WARN_UNUSED_VARIABLE = YES;
				IPHONEOS_DEPLOYMENT_TARGET = 16.2;
				MTL_ENABLE_DEBUG_INFO = INCLUDE_SOURCE;
				MTL_FAST_MATH = YES;
				ONLY_ACTIVE_ARCH = YES;
				SDKROOT = iphoneos;
				SWIFT_ACTIVE_COMPILATION_CONDITIONS = DEBUG;
				SWIFT_OPTIMIZATION_LEVEL = "-Onone";
				SWIFT_VERSION = "";
			};
			name = Debug;
		};
		5A9543522FBC874E00571374 /* Release */ = {
			isa = XCBuildConfiguration;
			buildSettings = {
				ALWAYS_SEARCH_USER_PATHS = NO;
				CLANG_ANALYZER_NONNULL = YES;
				CLANG_ANALYZER_NUMBER_OBJECT_CONVERSION = YES_AGGRESSIVE;
				CLANG_CXX_LANGUAGE_STANDARD = "gnu++20";
				CLANG_ENABLE_MODULES = YES;
				CLANG_ENABLE_OBJC_ARC = YES;
				CLANG_ENABLE_OBJC_WEAK = YES;
				CLANG_WARN_BLOCK_CAPTURE_AUTORELEASING = YES;
				CLANG_WARN_BOOL_CONVERSION = YES;
				CLANG_WARN_COMMA = YES;
				CLANG_WARN_CONSTANT_CONVERSION = YES;
				CLANG_WARN_DEPRECATED_OBJC_IMPLEMENTATIONS = YES;
				CLANG_WARN_DIRECT_OBJC_ISA_USAGE = YES_ERROR;
				CLANG_WARN_DOCUMENTATION_COMMENTS = YES;
				CLANG_WARN_EMPTY_BODY = YES;
				CLANG_WARN_ENUM_CONVERSION = YES;
				CLANG_WARN_INFINITE_RECURSION = YES;
				CLANG_WARN_INT_CONVERSION = YES;
				CLANG_WARN_NON_LITERAL_NULL_CONVERSION = YES;
				CLANG_WARN_OBJC_IMPLICIT_RETAIN_SELF = YES;
				CLANG_WARN_OBJC_LITERAL_CONVERSION = YES;
				CLANG_WARN_OBJC_ROOT_CLASS = YES_ERROR;
				CLANG_WARN_QUOTED_INCLUDE_IN_FRAMEWORK_HEADER = YES;
				CLANG_WARN_RANGE_LOOP_ANALYSIS = YES;
				CLANG_WARN_STRICT_PROTOTYPES = YES;
				CLANG_WARN_SUSPICIOUS_MOVE = YES;
				CLANG_WARN_UNGUARDED_AVAILABILITY = YES_AGGRESSIVE;
				CLANG_WARN_UNREACHABLE_CODE = YES;
				CLANG_WARN__DUPLICATE_METHOD_MATCH = YES;
				COPY_PHASE_STRIP = NO;
				DEBUG_INFORMATION_FORMAT = "dwarf-with-dsym";
				ENABLE_NS_ASSERTIONS = NO;
				ENABLE_STRICT_OBJC_MSGSEND = YES;
				GCC_C_LANGUAGE_STANDARD = gnu11;
				GCC_NO_COMMON_BLOCKS = YES;
				GCC_WARN_64_TO_32_BIT_CONVERSION = YES;
				GCC_WARN_ABOUT_RETURN_TYPE = YES_ERROR;
				GCC_WARN_UNDECLARED_SELECTOR = YES;
				GCC_WARN_UNINITIALIZED_AUTOS = YES_AGGRESSIVE;
				GCC_WARN_UNUSED_FUNCTION = YES;
				GCC_WARN_UNUSED_VARIABLE = YES;
				IPHONEOS_DEPLOYMENT_TARGET = 16.2;
				MTL_ENABLE_DEBUG_INFO = NO;
				MTL_FAST_MATH = YES;
				SDKROOT = iphoneos;
				SWIFT_COMPILATION_MODE = wholemodule;
				SWIFT_OPTIMIZATION_LEVEL = "-O";
				SWIFT_VERSION = "";
				VALIDATE_PRODUCT = YES;
			};
			name = Release;
		};
		5A9543542FBC874E00571374 /* Debug */ = {
			isa = XCBuildConfiguration;
			buildSettings = {
				ASSETCATALOG_COMPILER_APPICON_NAME = AppIcon;
				ASSETCATALOG_COMPILER_GLOBAL_ACCENT_COLOR_NAME = AccentColor;
				CODE_SIGN_STYLE = Automatic;
				CURRENT_PROJECT_VERSION = 1;
				GENERATE_INFOPLIST_FILE = YES;
				INFOPLIST_FILE = SportsZone/Info.plist;
				INFOPLIST_KEY_UIApplicationSupportsIndirectInputEvents = YES;
				INFOPLIST_KEY_UILaunchStoryboardName = LaunchScreen;
				INFOPLIST_KEY_UIMainStoryboardFile = Main;
				INFOPLIST_KEY_UISupportedInterfaceOrientations_iPad = "UIInterfaceOrientationPortrait UIInterfaceOrientationPortraitUpsideDown UIInterfaceOrientationLandscapeLeft UIInterfaceOrientationLandscapeRight";
				INFOPLIST_KEY_UISupportedInterfaceOrientations_iPhone = "UIInterfaceOrientationPortrait UIInterfaceOrientationLandscapeLeft UIInterfaceOrientationLandscapeRight";
				LD_RUNPATH_SEARCH_PATHS = (
					"$(inherited)",
					"@executable_path/Frameworks",
				);
				MARKETING_VERSION = 1.0;
				PRODUCT_BUNDLE_IDENTIFIER = iti.SportsZone;
				PRODUCT_NAME = "$(TARGET_NAME)";
				SWIFT_EMIT_LOC_STRINGS = YES;
				SWIFT_VERSION = 5.0;
				TARGETED_DEVICE_FAMILY = "1,2";
			};
			name = Debug;
		};
		5A9543552FBC874E00571374 /* Release */ = {
			isa = XCBuildConfiguration;
			buildSettings = {
				ASSETCATALOG_COMPILER_APPICON_NAME = AppIcon;
				ASSETCATALOG_COMPILER_GLOBAL_ACCENT_COLOR_NAME = AccentColor;
				CODE_SIGN_STYLE = Automatic;
				CURRENT_PROJECT_VERSION = 1;
				GENERATE_INFOPLIST_FILE = YES;
				INFOPLIST_FILE = SportsZone/Info.plist;
				INFOPLIST_KEY_UIApplicationSupportsIndirectInputEvents = YES;
				INFOPLIST_KEY_UILaunchStoryboardName = LaunchScreen;
				INFOPLIST_KEY_UIMainStoryboardFile = Main;
				INFOPLIST_KEY_UISupportedInterfaceOrientations_iPad = "UIInterfaceOrientationPortrait UIInterfaceOrientationPortraitUpsideDown UIInterfaceOrientationLandscapeLeft UIInterfaceOrientationLandscapeRight";
				INFOPLIST_KEY_UISupportedInterfaceOrientations_iPhone = "UIInterfaceOrientationPortrait UIInterfaceOrientationLandscapeLeft UIInterfaceOrientationLandscapeRight";
				LD_RUNPATH_SEARCH_PATHS = (
					"$(inherited)",
					"@executable_path/Frameworks",
				);
				MARKETING_VERSION = 1.0;
				PRODUCT_BUNDLE_IDENTIFIER = iti.SportsZone;
				PRODUCT_NAME = "$(TARGET_NAME)";
				SWIFT_EMIT_LOC_STRINGS = YES;
				SWIFT_VERSION = 5.0;
				TARGETED_DEVICE_FAMILY = "1,2";
			};
			name = Release;
		};
		5A9543572FBC874E00571374 /* Debug */ = {
			isa = XCBuildConfiguration;
			buildSettings = {
				ALWAYS_EMBED_SWIFT_STANDARD_LIBRARIES = YES;
				BUNDLE_LOADER = "$(TEST_HOST)";
				CODE_SIGN_STYLE = Automatic;
				CURRENT_PROJECT_VERSION = 1;
				GENERATE_INFOPLIST_FILE = YES;
				IPHONEOS_DEPLOYMENT_TARGET = 16.2;
				MARKETING_VERSION = 1.0;
				PRODUCT_BUNDLE_IDENTIFIER = iti.SportsZoneTests;
				PRODUCT_NAME = "$(TARGET_NAME)";
				SWIFT_EMIT_LOC_STRINGS = NO;
				SWIFT_VERSION = 5.0;
				TARGETED_DEVICE_FAMILY = "1,2";
				TEST_HOST = "$(BUILT_PRODUCTS_DIR)/SportsZone.app/$(BUNDLE_EXECUTABLE_FOLDER_PATH)/SportsZone";
			};
			name = Debug;
		};
		5A9543582FBC874E00571374 /* Release */ = {
			isa = XCBuildConfiguration;
			buildSettings = {
				ALWAYS_EMBED_SWIFT_STANDARD_LIBRARIES = YES;
				BUNDLE_LOADER = "$(TEST_HOST)";
				CODE_SIGN_STYLE = Automatic;
				CURRENT_PROJECT_VERSION = 1;
				GENERATE_INFOPLIST_FILE = YES;
				IPHONEOS_DEPLOYMENT_TARGET = 16.2;
				MARKETING_VERSION = 1.0;
				PRODUCT_BUNDLE_IDENTIFIER = iti.SportsZoneTests;
				PRODUCT_NAME = "$(TARGET_NAME)";
				SWIFT_EMIT_LOC_STRINGS = NO;
				SWIFT_VERSION = 5.0;
				TARGETED_DEVICE_FAMILY = "1,2";
				TEST_HOST = "$(BUILT_PRODUCTS_DIR)/SportsZone.app/$(BUNDLE_EXECUTABLE_FOLDER_PATH)/SportsZone";
			};
			name = Release;
		};
		5A95435A2FBC874E00571374 /* Debug */ = {
			isa = XCBuildConfiguration;
			buildSettings = {
				ALWAYS_EMBED_SWIFT_STANDARD_LIBRARIES = YES;
				CODE_SIGN_STYLE = Automatic;
				CURRENT_PROJECT_VERSION = 1;
				GENERATE_INFOPLIST_FILE = YES;
				MARKETING_VERSION = 1.0;
				PRODUCT_BUNDLE_IDENTIFIER = iti.SportsZoneUITests;
				PRODUCT_NAME = "$(TARGET_NAME)";
				SWIFT_EMIT_LOC_STRINGS = NO;
				SWIFT_VERSION = 5.0;
				TARGETED_DEVICE_FAMILY = "1,2";
				TEST_TARGET_NAME = SportsZone;
			};
			name = Debug;
		};
		5A95435B2FBC874E00571374 /* Release */ = {
			isa = XCBuildConfiguration;
			buildSettings = {
				ALWAYS_EMBED_SWIFT_STANDARD_LIBRARIES = YES;
				CODE_SIGN_STYLE = Automatic;
				CURRENT_PROJECT_VERSION = 1;
				GENERATE_INFOPLIST_FILE = YES;
				MARKETING_VERSION = 1.0;
				PRODUCT_BUNDLE_IDENTIFIER = iti.SportsZoneUITests;
				PRODUCT_NAME = "$(TARGET_NAME)";
				SWIFT_EMIT_LOC_STRINGS = NO;
				SWIFT_VERSION = 5.0;
				TARGETED_DEVICE_FAMILY = "1,2";
				TEST_TARGET_NAME = SportsZone;
			};
			name = Release;
		};
/* End XCBuildConfiguration section */

/* Begin XCConfigurationList section */
		5A9543212FBC874B00571374 /* Build configuration list for PBXProject "SportsZone" */ = {
			isa = XCConfigurationList;
			buildConfigurations = (
				5A9543512FBC874E00571374 /* Debug */,
				5A9543522FBC874E00571374 /* Release */,
			);
			defaultConfigurationIsVisible = 0;
			defaultConfigurationName = Release;
		};
		5A9543532FBC874E00571374 /* Build configuration list for PBXNativeTarget "SportsZone" */ = {
			isa = XCConfigurationList;
			buildConfigurations = (
				5A9543542FBC874E00571374 /* Debug */,
				5A9543552FBC874E00571374 /* Release */,
			);
			defaultConfigurationIsVisible = 0;
			defaultConfigurationName = Release;
		};
		5A9543562FBC874E00571374 /* Build configuration list for PBXNativeTarget "SportsZoneTests" */ = {
			isa = XCConfigurationList;
			buildConfigurations = (
				5A9543572FBC874E00571374 /* Debug */,
				5A9543582FBC874E00571374 /* Release */,
			);
			defaultConfigurationIsVisible = 0;
			defaultConfigurationName = Release;
		};
		5A9543592FBC874E00571374 /* Build configuration list for PBXNativeTarget "SportsZoneUITests" */ = {
			isa = XCConfigurationList;
			buildConfigurations = (
				5A95435A2FBC874E00571374 /* Debug */,
				5A95435B2FBC874E00571374 /* Release */,
			);
			defaultConfigurationIsVisible = 0;
			defaultConfigurationName = Release;
		};
/* End XCConfigurationList section */

/* Begin XCRemoteSwiftPackageReference section */
		5AD06D9F2FBE2BEF004674CD /* XCRemoteSwiftPackageReference "sdwebimage" */ = {
			isa = XCRemoteSwiftPackageReference;
			repositoryURL = "https://github.com/sdwebimage/sdwebimage";
			requirement = {
				kind = exactVersion;
				version = 5.9.5;
			};
		};
		5AD06DA42FBE2C60004674CD /* XCRemoteSwiftPackageReference "Reachability" */ = {
			isa = XCRemoteSwiftPackageReference;
			repositoryURL = "https://github.com/ashleymills/Reachability.swift";
			requirement = {
				branch = master;
				kind = branch;
			};
		};
		5AD06DA72FBE2E8F004674CD /* XCRemoteSwiftPackageReference "Alamofire" */ = {
			isa = XCRemoteSwiftPackageReference;
			repositoryURL = "https://github.com/Alamofire/Alamofire.git";
			requirement = {
				kind = exactVersion;
				version = 5.6.4;
			};
		};
		5AD06DAA2FBE2FD2004674CD /* XCRemoteSwiftPackageReference "ShimmerSwift" */ = {
			isa = XCRemoteSwiftPackageReference;
			repositoryURL = "https://github.com/BeauNouvelle/ShimmerSwift";
			requirement = {
				kind = upToNextMajorVersion;
				minimumVersion = 2.0.0;
			};
		};
		D5A78D982FCF3F96009E7DC8 /* XCRemoteSwiftPackageReference "SkeletonView" */ = {
			isa = XCRemoteSwiftPackageReference;
			repositoryURL = "https://github.com/Juanpe/SkeletonView";
			requirement = {
				kind = upToNextMajorVersion;
				minimumVersion = 1.31.0;
			};
		};
/* End XCRemoteSwiftPackageReference section */

/* Begin XCSwiftPackageProductDependency section */
		5A9D78282FD36116003151AA /* SDWebImage */ = {
			isa = XCSwiftPackageProductDependency;
			package = 5AD06D9F2FBE2BEF004674CD /* XCRemoteSwiftPackageReference "sdwebimage" */;
			productName = SDWebImage;
		};
		5A9D782A2FD3611C003151AA /* SDWebImageMapKit */ = {
			isa = XCSwiftPackageProductDependency;
			package = 5AD06D9F2FBE2BEF004674CD /* XCRemoteSwiftPackageReference "sdwebimage" */;
			productName = SDWebImageMapKit;
		};
		5AD06DA02FBE2BEF004674CD /* SDWebImage */ = {
			isa = XCSwiftPackageProductDependency;
			package = 5AD06D9F2FBE2BEF004674CD /* XCRemoteSwiftPackageReference "sdwebimage" */;
			productName = SDWebImage;
		};
		5AD06DA22FBE2BEF004674CD /* SDWebImageMapKit */ = {
			isa = XCSwiftPackageProductDependency;
			package = 5AD06D9F2FBE2BEF004674CD /* XCRemoteSwiftPackageReference "sdwebimage" */;
			productName = SDWebImageMapKit;
		};
		5AD06DA52FBE2C60004674CD /* Reachability */ = {
			isa = XCSwiftPackageProductDependency;
			package = 5AD06DA42FBE2C60004674CD /* XCRemoteSwiftPackageReference "Reachability" */;
			productName = Reachability;
		};
		5AD06DA82FBE2E8F004674CD /* Alamofire */ = {
			isa = XCSwiftPackageProductDependency;
			package = 5AD06DA72FBE2E8F004674CD /* XCRemoteSwiftPackageReference "Alamofire" */;
			productName = Alamofire;
		};
		5AD06DAB2FBE2FD2004674CD /* ShimmerSwift */ = {
			isa = XCSwiftPackageProductDependency;
			package = 5AD06DAA2FBE2FD2004674CD /* XCRemoteSwiftPackageReference "ShimmerSwift" */;
			productName = ShimmerSwift;
		};
		D5A78D992FCF3F96009E7DC8 /* SkeletonView */ = {
			isa = XCSwiftPackageProductDependency;
			package = D5A78D982FCF3F96009E7DC8 /* XCRemoteSwiftPackageReference "SkeletonView" */;
			productName = SkeletonView;
		};
/* End XCSwiftPackageProductDependency section */

/* Begin XCVersionGroup section */
		5A9543322FBC874B00571374 /* SportsZone.xcdatamodeld */ = {
			isa = XCVersionGroup;
			children = (
				5A9543332FBC874B00571374 /* SportsZone.xcdatamodel */,
			);
			currentVersion = 5A9543332FBC874B00571374 /* SportsZone.xcdatamodel */;
			path = SportsZone.xcdatamodeld;
			sourceTree = "<group>";
			versionGroupType = wrapper.xcdatamodel;
		};
/* End XCVersionGroup section */
	};
	rootObject = 5A95431E2FBC874B00571374 /* Project object */;
}
