{
  "originHash" : "c55f798ff48c45693270d6d0a618162fa82f0f00301f5449bbe71fe51512fcfb",
  "pins" : [
    {
      "identity" : "alamofire",
      "kind" : "remoteSourceControl",
      "location" : "https://github.com/Alamofire/Alamofire.git",
      "state" : {
        "revision" : "78424be314842833c04bc3bef5b72e85fff99204",
        "version" : "5.6.4"
      }
    },
    {
      "identity" : "reachability.swift",
      "kind" : "remoteSourceControl",
      "location" : "https://github.com/ashleymills/Reachability.swift",
      "state" : {
        "branch" : "master",
        "revision" : "21d1dc412cfecbe6e34f1f4c4eb88d3f912654a6"
      }
    },
    {
      "identity" : "sdwebimage",
      "kind" : "remoteSourceControl",
      "location" : "https://github.com/sdwebimage/sdwebimage",
      "state" : {
        "revision" : "2c8ed9a2f3ad537dbe9e58e2ec18be361da112aa",
        "version" : "5.9.5"
      }
    },
    {
      "identity" : "shimmerswift",
      "kind" : "remoteSourceControl",
      "location" : "https://github.com/BeauNouvelle/ShimmerSwift",
      "state" : {
        "revision" : "f1a4366f74329c313e9528bcbe5286eacc750c05",
        "version" : "2.2.0"
      }
    }
  ],
  "version" : 3
}
